// !$*UTF8*$!
{
	archiveVersion = 1;
	classes = {
	};
	objectVersion = 50;
	objects = {

/* Begin PBXBuildFile section */
		676929E225211C5A00A9A04B /* NumberMenuViewController.swift in Sources */ = {isa = PBXBuildFile; fileRef = 676929E125211C5A00A9A04B /* NumberMenuViewController.swift */; };
		676929EA2522DB9000A9A04B /* start2.png in Resources */ = {isa = PBXBuildFile; fileRef = 676929E92522DB9000A9A04B /* start2.png */; };
		676929ED25253CB000A9A04B /* Domino.swift in Sources */ = {isa = PBXBuildFile; fileRef = 676929EC25253CB000A9A04B /* Domino.swift */; };
		676929F12525525C00A9A04B /* ResultsViewController.swift in Sources */ = {isa = PBXBuildFile; fileRef = 676929F02525525C00A9A04B /* ResultsViewController.swift */; };
		676929F625256B5200A9A04B /* DominoManager.swift in Sources */ = {isa = PBXBuildFile; fileRef = 676929F525256B5200A9A04B /* DominoManager.swift */; };
		6776A03824E1B0A100D5C5C1 /* AppDelegate.swift in Sources */ = {isa = PBXBuildFile; fileRef = 6776A03724E1B0A100D5C5C1 /* AppDelegate.swift */; };
		6776A03A24E1B0A100D5C5C1 /* SceneDelegate.swift in Sources */ = {isa = PBXBuildFile; fileRef = 6776A03924E1B0A100D5C5C1 /* SceneDelegate.swift */; };
		6776A03C24E1B0A100D5C5C1 /* ViewController.swift in Sources */ = {isa = PBXBuildFile; fileRef = 6776A03B24E1B0A100D5C5C1 /* ViewController.swift */; };
		6776A03F24E1B0A100D5C5C1 /* Main.storyboard in Resources */ = {isa = PBXBuildFile; fileRef = 6776A03D24E1B0A100D5C5C1 /* Main.storyboard */; };
		6776A04124E1B0A400D5C5C1 /* Assets.xcassets in Resources */ = {isa = PBXBuildFile; fileRef = 6776A04024E1B0A400D5C5C1 /* Assets.xcassets */; };
		6776A04424E1B0A400D5C5C1 /* LaunchScreen.storyboard in Resources */ = {isa = PBXBuildFile; fileRef = 6776A04224E1B0A400D5C5C1 /* LaunchScreen.storyboard */; };
		677BFA5D250E68AC00C3CB15 /* sound.png in Resources */ = {isa = PBXBuildFile; fileRef = 677BFA59250E68AB00C3CB15 /* sound.png */; };
		677BFA5E250E68AC00C3CB15 /* Settings.png in Resources */ = {isa = PBXBuildFile; fileRef = 677BFA5A250E68AB00C3CB15 /* Settings.png */; };
		677BFA5F250E68AC00C3CB15 /* arrow.png in Resources */ = {isa = PBXBuildFile; fileRef = 677BFA5B250E68AC00C3CB15 /* arrow.png */; };
		677BFA60250E68AC00C3CB15 /* help.png in Resources */ = {isa = PBXBuildFile; fileRef = 677BFA5C250E68AC00C3CB15 /* help.png */; };
		677BFA62250E725B00C3CB15 /* The Domino Effect Logo-02.png in Resources */ = {isa = PBXBuildFile; fileRef = 677BFA61250E725B00C3CB15 /* The Domino Effect Logo-02.png */; };
		677BFA64250E73AD00C3CB15 /* start.png in Resources */ = {isa = PBXBuildFile; fileRef = 677BFA63250E73AD00C3CB15 /* start.png */; };
		677BFA66250E7ED200C3CB15 /* startbutton.png in Resources */ = {isa = PBXBuildFile; fileRef = 677BFA65250E7ED200C3CB15 /* startbutton.png */; };
		6780483E25323F5000F443DB /* Royal Blue Dominoes Non-Glow Set-07.png in Resources */ = {isa = PBXBuildFile; fileRef = 6780482925323F5000F443DB /* Royal Blue Dominoes Non-Glow Set-07.png */; };
		6780483F25323F5000F443DB /* Royal Blue Dominoes Non-Glow Set-06.png in Resources */ = {isa = PBXBuildFile; fileRef = 6780482A25323F5000F443DB /* Royal Blue Dominoes Non-Glow Set-06.png */; };
		6780484025323F5000F443DB /* Royal Blue Dominoes Non-Glow Set-010.png in Resources */ = {isa = PBXBuildFile; fileRef = 6780482B25323F5000F443DB /* Royal Blue Dominoes Non-Glow Set-010.png */; };
		6780484125323F5000F443DB /* Royal Blue Dominoes Non-Glow Set-04.png in Resources */ = {isa = PBXBuildFile; fileRef = 6780482C25323F5000F443DB /* Royal Blue Dominoes Non-Glow Set-04.png */; };
		6780484225323F5000F443DB /* Royal Blue Dominoes Non-Glow Set-05.png in Resources */ = {isa = PBXBuildFile; fileRef = 6780482D25323F5000F443DB /* Royal Blue Dominoes Non-Glow Set-05.png */; };
		6780484325323F5000F443DB /* Royal Blue Dominoes Non-Glow Set-01.png in Resources */ = {isa = PBXBuildFile; fileRef = 6780482E25323F5000F443DB /* Royal Blue Dominoes Non-Glow Set-01.png */; };
		6780484425323F5000F443DB /* Royal Blue Dominoes Non-Glow Set-02.png in Resources */ = {isa = PBXBuildFile; fileRef = 6780482F25323F5000F443DB /* Royal Blue Dominoes Non-Glow Set-02.png */; };
		6780484525323F5000F443DB /* Royal Blue Dominoes Non-Glow Set-03.png in Resources */ = {isa = PBXBuildFile; fileRef = 6780483025323F5000F443DB /* Royal Blue Dominoes Non-Glow Set-03.png */; };
		6780484625323F5000F443DB /* Royal Blue Dominoes Non-Glow Set-08.png in Resources */ = {isa = PBXBuildFile; fileRef = 6780483125323F5000F443DB /* Royal Blue Dominoes Non-Glow Set-08.png */; };
		6780484725323F5000F443DB /* Royal Blue Dominoes Non-Glow Set-09.png in Resources */ = {isa = PBXBuildFile; fileRef = 6780483225323F5000F443DB /* Royal Blue Dominoes Non-Glow Set-09.png */; };
		6780484825323F5000F443DB /* Royal Blue Dominoes-08.png in Resources */ = {isa = PBXBuildFile; fileRef = 6780483425323F5000F443DB /* Royal Blue Dominoes-08.png */; };
		6780484925323F5000F443DB /* Royal Blue Dominoes-09.png in Resources */ = {isa = PBXBuildFile; fileRef = 6780483525323F5000F443DB /* Royal Blue Dominoes-09.png */; };
		6780484A25323F5000F443DB /* Royal Blue Dominoes-01.png in Resources */ = {isa = PBXBuildFile; fileRef = 6780483625323F5000F443DB /* Royal Blue Dominoes-01.png */; };
		6780484B25323F5000F443DB /* Royal Blue Dominoes-02.png in Resources */ = {isa = PBXBuildFile; fileRef = 6780483725323F5000F443DB /* Royal Blue Dominoes-02.png */; };
		6780484C25323F5000F443DB /* Royal Blue Dominoes-03.png in Resources */ = {isa = PBXBuildFile; fileRef = 6780483825323F5000F443DB /* Royal Blue Dominoes-03.png */; };
		6780484D25323F5000F443DB /* Royal Blue Dominoes-07.png in Resources */ = {isa = PBXBuildFile; fileRef = 6780483925323F5000F443DB /* Royal Blue Dominoes-07.png */; };
		6780484E25323F5000F443DB /* Royal Blue Dominoes-06.png in Resources */ = {isa = PBXBuildFile; fileRef = 6780483A25323F5000F443DB /* Royal Blue Dominoes-06.png */; };
		6780484F25323F5000F443DB /* Royal Blue Dominoes-04.png in Resources */ = {isa = PBXBuildFile; fileRef = 6780483B25323F5000F443DB /* Royal Blue Dominoes-04.png */; };
		6780485025323F5000F443DB /* Royal Blue Dominoes-10.png in Resources */ = {isa = PBXBuildFile; fileRef = 6780483C25323F5000F443DB /* Royal Blue Dominoes-10.png */; };
		6780485125323F5000F443DB /* Royal Blue Dominoes-05.png in Resources */ = {isa = PBXBuildFile; fileRef = 6780483D25323F5000F443DB /* Royal Blue Dominoes-05.png */; };
		67E384B92517E3AD00296DCE /* LimeGreen.png in Resources */ = {isa = PBXBuildFile; fileRef = 67E384AF2517E3AC00296DCE /* LimeGreen.png */; };
		67E384BA2517E3AD00296DCE /* Orange.png in Resources */ = {isa = PBXBuildFile; fileRef = 67E384B02517E3AC00296DCE /* Orange.png */; };
		67E384BB2517E3AD00296DCE /* Yellow.png in Resources */ = {isa = PBXBuildFile; fileRef = 67E384B12517E3AC00296DCE /* Yellow.png */; };
		67E384BC2517E3AD00296DCE /* Pink.png in Resources */ = {isa = PBXBuildFile; fileRef = 67E384B22517E3AC00296DCE /* Pink.png */; };
		67E384BD2517E3AD00296DCE /* Blue.png in Resources */ = {isa = PBXBuildFile; fileRef = 67E384B32517E3AC00296DCE /* Blue.png */; };
		67E384BE2517E3AD00296DCE /* Red.png in Resources */ = {isa = PBXBuildFile; fileRef = 67E384B42517E3AC00296DCE /* Red.png */; };
		67E384BF2517E3AD00296DCE /* Purple.png in Resources */ = {isa = PBXBuildFile; fileRef = 67E384B52517E3AC00296DCE /* Purple.png */; };
		67E384C02517E3AD00296DCE /* Green.png in Resources */ = {isa = PBXBuildFile; fileRef = 67E384B62517E3AD00296DCE /* Green.png */; };
		67E384C12517E3AD00296DCE /* White.png in Resources */ = {isa = PBXBuildFile; fileRef = 67E384B72517E3AD00296DCE /* White.png */; };
		67E384C22517E3AD00296DCE /* Turquoise.png in Resources */ = {isa = PBXBuildFile; fileRef = 67E384B82517E3AD00296DCE /* Turquoise.png */; };
		67E384C42519720F00296DCE /* HelpViewController.swift in Sources */ = {isa = PBXBuildFile; fileRef = 67E384C32519720F00296DCE /* HelpViewController.swift */; };
		67E384C6251BA64400296DCE /* SoundManager.swift in Sources */ = {isa = PBXBuildFile; fileRef = 67E384C5251BA64400296DCE /* SoundManager.swift */; };
		67E384C9251BA66B00296DCE /* TDE_V2.m4a in Resources */ = {isa = PBXBuildFile; fileRef = 67E384C8251BA66B00296DCE /* TDE_V2.m4a */; };
		67E384CB251BB04800296DCE /* soundOff.png in Resources */ = {isa = PBXBuildFile; fileRef = 67E384CA251BB04800296DCE /* soundOff.png */; };
		67E384D2251BDB3100296DCE /* Select_V1.m4a in Resources */ = {isa = PBXBuildFile; fileRef = 67E384D1251BDB3100296DCE /* Select_V1.m4a */; };
		67E384D4251BE35D00296DCE /* SelectorBaseViewController.swift in Sources */ = {isa = PBXBuildFile; fileRef = 67E384D3251BE35D00296DCE /* SelectorBaseViewController.swift */; };
		67EC407A253230EF007C2B0B /* Red Dominos-08.png in Resources */ = {isa = PBXBuildFile; fileRef = 67EC4065253230EF007C2B0B /* Red Dominos-08.png */; };
		67EC407B253230EF007C2B0B /* Red Dominos-09.png in Resources */ = {isa = PBXBuildFile; fileRef = 67EC4066253230EF007C2B0B /* Red Dominos-09.png */; };
		67EC407C253230EF007C2B0B /* Red Dominos-04.png in Resources */ = {isa = PBXBuildFile; fileRef = 67EC4067253230EF007C2B0B /* Red Dominos-04.png */; };
		67EC407D253230EF007C2B0B /* Red Dominos-10.png in Resources */ = {isa = PBXBuildFile; fileRef = 67EC4068253230EF007C2B0B /* Red Dominos-10.png */; };
		67EC407E253230EF007C2B0B /* Red Dominos-05.png in Resources */ = {isa = PBXBuildFile; fileRef = 67EC4069253230EF007C2B0B /* Red Dominos-05.png */; };
		67EC407F253230EF007C2B0B /* Red Dominos-07.png in Resources */ = {isa = PBXBuildFile; fileRef = 67EC406A253230EF007C2B0B /* Red Dominos-07.png */; };
		67EC4080253230EF007C2B0B /* Red Dominos-06.png in Resources */ = {isa = PBXBuildFile; fileRef = 67EC406B253230EF007C2B0B /* Red Dominos-06.png */; };
		67EC4081253230EF007C2B0B /* Red Dominos-02.png in Resources */ = {isa = PBXBuildFile; fileRef = 67EC406C253230EF007C2B0B /* Red Dominos-02.png */; };
		67EC4082253230EF007C2B0B /* Red Dominos-03.png in Resources */ = {isa = PBXBuildFile; fileRef = 67EC406D253230EF007C2B0B /* Red Dominos-03.png */; };
		67EC4083253230EF007C2B0B /* Red Dominos-01.png in Resources */ = {isa = PBXBuildFile; fileRef = 67EC406E253230EF007C2B0B /* Red Dominos-01.png */; };
		67EC4084253230EF007C2B0B /* Red Dominos Non-Glow Set-02.png in Resources */ = {isa = PBXBuildFile; fileRef = 67EC4070253230EF007C2B0B /* Red Dominos Non-Glow Set-02.png */; };
		67EC4085253230EF007C2B0B /* Red Dominos Non-Glow Set-03.png in Resources */ = {isa = PBXBuildFile; fileRef = 67EC4071253230EF007C2B0B /* Red Dominos Non-Glow Set-03.png */; };
		67EC4086253230EF007C2B0B /* Red Dominos Non-Glow Set-01.png in Resources */ = {isa = PBXBuildFile; fileRef = 67EC4072253230EF007C2B0B /* Red Dominos Non-Glow Set-01.png */; };
		67EC4087253230EF007C2B0B /* Red Dominos Non-Glow Set-010.png in Resources */ = {isa = PBXBuildFile; fileRef = 67EC4073253230EF007C2B0B /* Red Dominos Non-Glow Set-010.png */; };
		67EC4088253230EF007C2B0B /* Red Dominos Non-Glow Set-04.png in Resources */ = {isa = PBXBuildFile; fileRef = 67EC4074253230EF007C2B0B /* Red Dominos Non-Glow Set-04.png */; };
		67EC4089253230EF007C2B0B /* Red Dominos Non-Glow Set-05.png in Resources */ = {isa = PBXBuildFile; fileRef = 67EC4075253230EF007C2B0B /* Red Dominos Non-Glow Set-05.png */; };
		67EC408A253230EF007C2B0B /* Red Dominos Non-Glow Set-07.png in Resources */ = {isa = PBXBuildFile; fileRef = 67EC4076253230EF007C2B0B /* Red Dominos Non-Glow Set-07.png */; };
		67EC408B253230EF007C2B0B /* Red Dominos Non-Glow Set-06.png in Resources */ = {isa = PBXBuildFile; fileRef = 67EC4077253230EF007C2B0B /* Red Dominos Non-Glow Set-06.png */; };
		67EC408C253230EF007C2B0B /* Red Dominos Non-Glow Set-08.png in Resources */ = {isa = PBXBuildFile; fileRef = 67EC4078253230EF007C2B0B /* Red Dominos Non-Glow Set-08.png */; };
		67EC408D253230EF007C2B0B /* Red Dominos Non-Glow Set-09.png in Resources */ = {isa = PBXBuildFile; fileRef = 67EC4079253230EF007C2B0B /* Red Dominos Non-Glow Set-09.png */; };
		67EC409C2532312D007C2B0B /* Orange Dominos-04.png in Resources */ = {isa = PBXBuildFile; fileRef = 67EC40922532312D007C2B0B /* Orange Dominos-04.png */; };
		67EC409D2532312D007C2B0B /* Orange Dominos-10.png in Resources */ = {isa = PBXBuildFile; fileRef = 67EC40932532312D007C2B0B /* Orange Dominos-10.png */; };
		67EC409E2532312D007C2B0B /* Orange Dominos-05.png in Resources */ = {isa = PBXBuildFile; fileRef = 67EC40942532312D007C2B0B /* Orange Dominos-05.png */; };
		67EC409F2532312D007C2B0B /* Orange Dominos-07.png in Resources */ = {isa = PBXBuildFile; fileRef = 67EC40952532312D007C2B0B /* Orange Dominos-07.png */; };
		67EC40A02532312D007C2B0B /* Orange Dominos-06.png in Resources */ = {isa = PBXBuildFile; fileRef = 67EC40962532312D007C2B0B /* Orange Dominos-06.png */; };
		67EC40A12532312D007C2B0B /* Orange Dominos-02.png in Resources */ = {isa = PBXBuildFile; fileRef = 67EC40972532312D007C2B0B /* Orange Dominos-02.png */; };
		67EC40A22532312D007C2B0B /* Orange Dominos-03.png in Resources */ = {isa = PBXBuildFile; fileRef = 67EC40982532312D007C2B0B /* Orange Dominos-03.png */; };
		67EC40A32532312D007C2B0B /* Orange Dominos-01.png in Resources */ = {isa = PBXBuildFile; fileRef = 67EC40992532312D007C2B0B /* Orange Dominos-01.png */; };
		67EC40A42532312D007C2B0B /* Orange Dominos-08.png in Resources */ = {isa = PBXBuildFile; fileRef = 67EC409A2532312D007C2B0B /* Orange Dominos-08.png */; };
		67EC40A52532312D007C2B0B /* Orange Dominos-09.png in Resources */ = {isa = PBXBuildFile; fileRef = 67EC409B2532312D007C2B0B /* Orange Dominos-09.png */; };
		67EC410D2532355A007C2B0B /* Forest Green Dominoes Non-Glow Set-08.png in Resources */ = {isa = PBXBuildFile; fileRef = 67EC40A925323559007C2B0B /* Forest Green Dominoes Non-Glow Set-08.png */; };
		67EC410E2532355A007C2B0B /* Forest Green Dominoes Non-Glow Set-09.png in Resources */ = {isa = PBXBuildFile; fileRef = 67EC40AA25323559007C2B0B /* Forest Green Dominoes Non-Glow Set-09.png */; };
		67EC410F2532355A007C2B0B /* Forest Green Dominoes Non-Glow Set-07.png in Resources */ = {isa = PBXBuildFile; fileRef = 67EC40AB25323559007C2B0B /* Forest Green Dominoes Non-Glow Set-07.png */; };
		67EC41102532355A007C2B0B /* Forest Green Dominoes Non-Glow Set-06.png in Resources */ = {isa = PBXBuildFile; fileRef = 67EC40AC25323559007C2B0B /* Forest Green Dominoes Non-Glow Set-06.png */; };
		67EC41112532355A007C2B0B /* Forest Green Dominoes Non-Glow Set-010.png in Resources */ = {isa = PBXBuildFile; fileRef = 67EC40AD25323559007C2B0B /* Forest Green Dominoes Non-Glow Set-010.png */; };
		67EC41122532355A007C2B0B /* Forest Green Dominoes Non-Glow Set-04.png in Resources */ = {isa = PBXBuildFile; fileRef = 67EC40AE25323559007C2B0B /* Forest Green Dominoes Non-Glow Set-04.png */; };
		67EC41132532355A007C2B0B /* Forest Green Dominoes Non-Glow Set-05.png in Resources */ = {isa = PBXBuildFile; fileRef = 67EC40AF25323559007C2B0B /* Forest Green Dominoes Non-Glow Set-05.png */; };
		67EC41142532355A007C2B0B /* Forest Green Dominoes Non-Glow Set-01.png in Resources */ = {isa = PBXBuildFile; fileRef = 67EC40B025323559007C2B0B /* Forest Green Dominoes Non-Glow Set-01.png */; };
		67EC41152532355A007C2B0B /* Forest Green Dominoes Non-Glow Set-02.png in Resources */ = {isa = PBXBuildFile; fileRef = 67EC40B125323559007C2B0B /* Forest Green Dominoes Non-Glow Set-02.png */; };
		67EC41162532355A007C2B0B /* Forest Green Dominoes Non-Glow Set-03.png in Resources */ = {isa = PBXBuildFile; fileRef = 67EC40B225323559007C2B0B /* Forest Green Dominoes Non-Glow Set-03.png */; };
		67EC41172532355A007C2B0B /* Forest Green Dominoes-09.png in Resources */ = {isa = PBXBuildFile; fileRef = 67EC40B425323559007C2B0B /* Forest Green Dominoes-09.png */; };
		67EC41182532355A007C2B0B /* Forest Green Dominoes-08.png in Resources */ = {isa = PBXBuildFile; fileRef = 67EC40B525323559007C2B0B /* Forest Green Dominoes-08.png */; };
		67EC41192532355A007C2B0B /* Forest Green Dominoes-06.png in Resources */ = {isa = PBXBuildFile; fileRef = 67EC40B625323559007C2B0B /* Forest Green Dominoes-06.png */; };
		67EC411A2532355A007C2B0B /* Forest Green Dominoes-07.png in Resources */ = {isa = PBXBuildFile; fileRef = 67EC40B725323559007C2B0B /* Forest Green Dominoes-07.png */; };
		67EC411B2532355A007C2B0B /* Forest Green Dominoes-05.png in Resources */ = {isa = PBXBuildFile; fileRef = 67EC40B825323559007C2B0B /* Forest Green Dominoes-05.png */; };
		67EC411C2532355A007C2B0B /* Forest Green Dominoes-10.png in Resources */ = {isa = PBXBuildFile; fileRef = 67EC40B925323559007C2B0B /* Forest Green Dominoes-10.png */; };
		67EC411D2532355A007C2B0B /* Forest Green Dominoes-04.png in Resources */ = {isa = PBXBuildFile; fileRef = 67EC40BA25323559007C2B0B /* Forest Green Dominoes-04.png */; };
		67EC411E2532355A007C2B0B /* Forest Green Dominoes-01.png in Resources */ = {isa = PBXBuildFile; fileRef = 67EC40BB25323559007C2B0B /* Forest Green Dominoes-01.png */; };
		67EC411F2532355A007C2B0B /* Forest Green Dominoes-03.png in Resources */ = {isa = PBXBuildFile; fileRef = 67EC40BC25323559007C2B0B /* Forest Green Dominoes-03.png */; };
		67EC41202532355A007C2B0B /* Forest Green Dominoes-02.png in Resources */ = {isa = PBXBuildFile; fileRef = 67EC40BD25323559007C2B0B /* Forest Green Dominoes-02.png */; };
		67EC41252532355A007C2B0B /* Lime Green Dominos Non-Glow Set-08.png in Resources */ = {isa = PBXBuildFile; fileRef = 67EC40C425323559007C2B0B /* Lime Green Dominos Non-Glow Set-08.png */; };
		67EC41272532355A007C2B0B /* Lime Green Dominos Non-Glow Set-09.png in Resources */ = {isa = PBXBuildFile; fileRef = 67EC40C625323559007C2B0B /* Lime Green Dominos Non-Glow Set-09.png */; };
		67EC41292532355A007C2B0B /* Lime Green Dominos Non-Glow Set-04.png in Resources */ = {isa = PBXBuildFile; fileRef = 67EC40C825323559007C2B0B /* Lime Green Dominos Non-Glow Set-04.png */; };
		67EC412A2532355A007C2B0B /* Lime Green Dominos Non-Glow Set-010.png in Resources */ = {isa = PBXBuildFile; fileRef = 67EC40C925323559007C2B0B /* Lime Green Dominos Non-Glow Set-010.png */; };
		67EC412C2532355A007C2B0B /* Lime Green Dominos Non-Glow Set-05.png in Resources */ = {isa = PBXBuildFile; fileRef = 67EC40CB25323559007C2B0B /* Lime Green Dominos Non-Glow Set-05.png */; };
		67EC412D2532355A007C2B0B /* Lime Green Dominos Non-Glow Set-07.png in Resources */ = {isa = PBXBuildFile; fileRef = 67EC40CC25323559007C2B0B /* Lime Green Dominos Non-Glow Set-07.png */; };
		67EC412E2532355A007C2B0B /* Lime Green Dominos Non-Glow Set-06.png in Resources */ = {isa = PBXBuildFile; fileRef = 67EC40CD25323559007C2B0B /* Lime Green Dominos Non-Glow Set-06.png */; };
		67EC412F2532355A007C2B0B /* Lime Green Dominos Non-Glow Set-02.png in Resources */ = {isa = PBXBuildFile; fileRef = 67EC40CE25323559007C2B0B /* Lime Green Dominos Non-Glow Set-02.png */; };
		67EC41302532355A007C2B0B /* Lime Green Dominos Non-Glow Set-03.png in Resources */ = {isa = PBXBuildFile; fileRef = 67EC40CF25323559007C2B0B /* Lime Green Dominos Non-Glow Set-03.png */; };
		67EC41312532355A007C2B0B /* Lime Green Dominos Non-Glow Set-01.png in Resources */ = {isa = PBXBuildFile; fileRef = 67EC40D025323559007C2B0B /* Lime Green Dominos Non-Glow Set-01.png */; };
		67EC41352532355A007C2B0B /* Lime Green Dominos-08.png in Resources */ = {isa = PBXBuildFile; fileRef = 67EC40D525323559007C2B0B /* Lime Green Dominos-08.png */; };
		67EC41362532355A007C2B0B /* Lime Green Dominos-09.png in Resources */ = {isa = PBXBuildFile; fileRef = 67EC40D625323559007C2B0B /* Lime Green Dominos-09.png */; };
		67EC41372532355A007C2B0B /* Lime Green Dominos-04.png in Resources */ = {isa = PBXBuildFile; fileRef = 67EC40D725323559007C2B0B /* Lime Green Dominos-04.png */; };
		67EC41382532355A007C2B0B /* Lime Green Dominos-10.png in Resources */ = {isa = PBXBuildFile; fileRef = 67EC40D825323559007C2B0B /* Lime Green Dominos-10.png */; };
		67EC41392532355A007C2B0B /* Lime Green Dominos-05.png in Resources */ = {isa = PBXBuildFile; fileRef = 67EC40D925323559007C2B0B /* Lime Green Dominos-05.png */; };
		67EC413A2532355A007C2B0B /* Lime Green Dominos-07.png in Resources */ = {isa = PBXBuildFile; fileRef = 67EC40DA25323559007C2B0B /* Lime Green Dominos-07.png */; };
		67EC413B2532355A007C2B0B /* Lime Green Dominos-06.png in Resources */ = {isa = PBXBuildFile; fileRef = 67EC40DB25323559007C2B0B /* Lime Green Dominos-06.png */; };
		67EC413C2532355A007C2B0B /* Lime Green Dominos-02.png in Resources */ = {isa = PBXBuildFile; fileRef = 67EC40DC25323559007C2B0B /* Lime Green Dominos-02.png */; };
		67EC413D2532355A007C2B0B /* Lime Green Dominos-03.png in Resources */ = {isa = PBXBuildFile; fileRef = 67EC40DD25323559007C2B0B /* Lime Green Dominos-03.png */; };
		67EC413E2532355A007C2B0B /* Lime Green Dominos-01.png in Resources */ = {isa = PBXBuildFile; fileRef = 67EC40DE25323559007C2B0B /* Lime Green Dominos-01.png */; };
		67EC413F2532355A007C2B0B /* Aqua Dominoes Non-Glow Set-09.png in Resources */ = {isa = PBXBuildFile; fileRef = 67EC40E125323559007C2B0B /* Aqua Dominoes Non-Glow Set-09.png */; };
		67EC41402532355A007C2B0B /* Aqua Dominoes Non-Glow Set-08.png in Resources */ = {isa = PBXBuildFile; fileRef = 67EC40E225323559007C2B0B /* Aqua Dominoes Non-Glow Set-08.png */; };
		67EC41412532355A007C2B0B /* Aqua Dominoes Non-Glow Set-05.png in Resources */ = {isa = PBXBuildFile; fileRef = 67EC40E325323559007C2B0B /* Aqua Dominoes Non-Glow Set-05.png */; };
		67EC41422532355A007C2B0B /* Aqua Dominoes Non-Glow Set-010.png in Resources */ = {isa = PBXBuildFile; fileRef = 67EC40E425323559007C2B0B /* Aqua Dominoes Non-Glow Set-010.png */; };
		67EC41432532355A007C2B0B /* Aqua Dominoes Non-Glow Set-04.png in Resources */ = {isa = PBXBuildFile; fileRef = 67EC40E525323559007C2B0B /* Aqua Dominoes Non-Glow Set-04.png */; };
		67EC41442532355A007C2B0B /* Aqua Dominoes Non-Glow Set-06.png in Resources */ = {isa = PBXBuildFile; fileRef = 67EC40E625323559007C2B0B /* Aqua Dominoes Non-Glow Set-06.png */; };
		67EC41452532355A007C2B0B /* Aqua Dominoes Non-Glow Set-07.png in Resources */ = {isa = PBXBuildFile; fileRef = 67EC40E725323559007C2B0B /* Aqua Dominoes Non-Glow Set-07.png */; };
		67EC41462532355A007C2B0B /* Aqua Dominoes Non-Glow Set-03.png in Resources */ = {isa = PBXBuildFile; fileRef = 67EC40E825323559007C2B0B /* Aqua Dominoes Non-Glow Set-03.png */; };
		67EC41472532355A007C2B0B /* Aqua Dominoes Non-Glow Set-02.png in Resources */ = {isa = PBXBuildFile; fileRef = 67EC40E925323559007C2B0B /* Aqua Dominoes Non-Glow Set-02.png */; };
		67EC41482532355A007C2B0B /* Aqua Dominoes Non-Glow Set-01.png in Resources */ = {isa = PBXBuildFile; fileRef = 67EC40EA25323559007C2B0B /* Aqua Dominoes Non-Glow Set-01.png */; };
		67EC41492532355A007C2B0B /* Aqua Dominoes-08.png in Resources */ = {isa = PBXBuildFile; fileRef = 67EC40EC25323559007C2B0B /* Aqua Dominoes-08.png */; };
		67EC414A2532355A007C2B0B /* Aqua Dominoes-09.png in Resources */ = {isa = PBXBuildFile; fileRef = 67EC40ED25323559007C2B0B /* Aqua Dominoes-09.png */; };
		67EC414B2532355A007C2B0B /* Aqua Dominoes-02.png in Resources */ = {isa = PBXBuildFile; fileRef = 67EC40EE25323559007C2B0B /* Aqua Dominoes-02.png */; };
		67EC414C2532355A007C2B0B /* Aqua Dominoes-03.png in Resources */ = {isa = PBXBuildFile; fileRef = 67EC40EF25323559007C2B0B /* Aqua Dominoes-03.png */; };
		67EC414D2532355A007C2B0B /* Aqua Dominoes-01.png in Resources */ = {isa = PBXBuildFile; fileRef = 67EC40F025323559007C2B0B /* Aqua Dominoes-01.png */; };
		67EC414E2532355A007C2B0B /* Aqua Dominoes-04.png in Resources */ = {isa = PBXBuildFile; fileRef = 67EC40F125323559007C2B0B /* Aqua Dominoes-04.png */; };
		67EC414F2532355A007C2B0B /* Aqua Dominoes-10.png in Resources */ = {isa = PBXBuildFile; fileRef = 67EC40F225323559007C2B0B /* Aqua Dominoes-10.png */; };
		67EC41502532355A007C2B0B /* Aqua Dominoes-05.png in Resources */ = {isa = PBXBuildFile; fileRef = 67EC40F325323559007C2B0B /* Aqua Dominoes-05.png */; };
		67EC41512532355A007C2B0B /* Aqua Dominoes-07.png in Resources */ = {isa = PBXBuildFile; fileRef = 67EC40F425323559007C2B0B /* Aqua Dominoes-07.png */; };
		67EC41522532355A007C2B0B /* Aqua Dominoes-06.png in Resources */ = {isa = PBXBuildFile; fileRef = 67EC40F525323559007C2B0B /* Aqua Dominoes-06.png */; };
		67EC41532532355A007C2B0B /* Yellow Dominos Non-Glow Set-09.png in Resources */ = {isa = PBXBuildFile; fileRef = 67EC40F825323559007C2B0B /* Yellow Dominos Non-Glow Set-09.png */; };
		67EC41542532355A007C2B0B /* Yellow Dominos Non-Glow Set-08.png in Resources */ = {isa = PBXBuildFile; fileRef = 67EC40F925323559007C2B0B /* Yellow Dominos Non-Glow Set-08.png */; };
		67EC41552532355A007C2B0B /* Yellow Dominos Non-Glow Set-06.png in Resources */ = {isa = PBXBuildFile; fileRef = 67EC40FA25323559007C2B0B /* Yellow Dominos Non-Glow Set-06.png */; };
		67EC41562532355A007C2B0B /* Yellow Dominos Non-Glow Set-07.png in Resources */ = {isa = PBXBuildFile; fileRef = 67EC40FB25323559007C2B0B /* Yellow Dominos Non-Glow Set-07.png */; };
		67EC41572532355A007C2B0B /* Yellow Dominos Non-Glow Set-05.png in Resources */ = {isa = PBXBuildFile; fileRef = 67EC40FC25323559007C2B0B /* Yellow Dominos Non-Glow Set-05.png */; };
		67EC41582532355A007C2B0B /* Yellow Dominos Non-Glow Set-010.png in Resources */ = {isa = PBXBuildFile; fileRef = 67EC40FD25323559007C2B0B /* Yellow Dominos Non-Glow Set-010.png */; };
		67EC41592532355A007C2B0B /* Yellow Dominos Non-Glow Set-04.png in Resources */ = {isa = PBXBuildFile; fileRef = 67EC40FE25323559007C2B0B /* Yellow Dominos Non-Glow Set-04.png */; };
		67EC415A2532355A007C2B0B /* Yellow Dominos Non-Glow Set-01.png in Resources */ = {isa = PBXBuildFile; fileRef = 67EC40FF25323559007C2B0B /* Yellow Dominos Non-Glow Set-01.png */; };
		67EC415B2532355A007C2B0B /* Yellow Dominos Non-Glow Set-03.png in Resources */ = {isa = PBXBuildFile; fileRef = 67EC410025323559007C2B0B /* Yellow Dominos Non-Glow Set-03.png */; };
		67EC415C2532355A007C2B0B /* Yellow Dominos Non-Glow Set-02.png in Resources */ = {isa = PBXBuildFile; fileRef = 67EC410125323559007C2B0B /* Yellow Dominos Non-Glow Set-02.png */; };
		67EC415D2532355A007C2B0B /* Yellow Dominos-09.png in Resources */ = {isa = PBXBuildFile; fileRef = 67EC410325323559007C2B0B /* Yellow Dominos-09.png */; };
		67EC415E2532355A007C2B0B /* Yellow Dominos-08.png in Resources */ = {isa = PBXBuildFile; fileRef = 67EC410425323559007C2B0B /* Yellow Dominos-08.png */; };
		67EC415F2532355A007C2B0B /* Yellow Dominos-06.png in Resources */ = {isa = PBXBuildFile; fileRef = 67EC410525323559007C2B0B /* Yellow Dominos-06.png */; };
		67EC41602532355A007C2B0B /* Yellow Dominos-07.png in Resources */ = {isa = PBXBuildFile; fileRef = 67EC410625323559007C2B0B /* Yellow Dominos-07.png */; };
		67EC41612532355A007C2B0B /* Yellow Dominos-05.png in Resources */ = {isa = PBXBuildFile; fileRef = 67EC410725323559007C2B0B /* Yellow Dominos-05.png */; };
		67EC41622532355A007C2B0B /* Yellow Dominos-10.png in Resources */ = {isa = PBXBuildFile; fileRef = 67EC410825323559007C2B0B /* Yellow Dominos-10.png */; };
		67EC41632532355A007C2B0B /* Yellow Dominos-04.png in Resources */ = {isa = PBXBuildFile; fileRef = 67EC41092532355A007C2B0B /* Yellow Dominos-04.png */; };
		67EC41642532355A007C2B0B /* Yellow Dominos-01.png in Resources */ = {isa = PBXBuildFile; fileRef = 67EC410A2532355A007C2B0B /* Yellow Dominos-01.png */; };
		67EC41652532355A007C2B0B /* Yellow Dominos-03.png in Resources */ = {isa = PBXBuildFile; fileRef = 67EC410B2532355A007C2B0B /* Yellow Dominos-03.png */; };
		67EC41662532355A007C2B0B /* Yellow Dominos-02.png in Resources */ = {isa = PBXBuildFile; fileRef = 67EC410C2532355A007C2B0B /* Yellow Dominos-02.png */; };
/* End PBXBuildFile section */

/* Begin PBXFileReference section */
		676929E125211C5A00A9A04B /* NumberMenuViewController.swift */ = {isa = PBXFileReference; lastKnownFileType = sourcecode.swift; path = NumberMenuViewController.swift; sourceTree = "<group>"; };
		676929E92522DB9000A9A04B /* start2.png */ = {isa = PBXFileReference; lastKnownFileType = image.png; path = start2.png; sourceTree = "<group>"; };
		676929EC25253CB000A9A04B /* Domino.swift */ = {isa = PBXFileReference; lastKnownFileType = sourcecode.swift; path = Domino.swift; sourceTree = "<group>"; };
		676929F02525525C00A9A04B /* ResultsViewController.swift */ = {isa = PBXFileReference; lastKnownFileType = sourcecode.swift; path = ResultsViewController.swift; sourceTree = "<group>"; };
		676929F525256B5200A9A04B /* DominoManager.swift */ = {isa = PBXFileReference; lastKnownFileType = sourcecode.swift; path = DominoManager.swift; sourceTree = "<group>"; };
		6776A03424E1B0A100D5C5C1 /* The Domino Effect.app */ = {isa = PBXFileReference; explicitFileType = wrapper.application; includeInIndex = 0; path = "The Domino Effect.app"; sourceTree = BUILT_PRODUCTS_DIR; };
		6776A03724E1B0A100D5C5C1 /* AppDelegate.swift */ = {isa = PBXFileReference; lastKnownFileType = sourcecode.swift; path = AppDelegate.swift; sourceTree = "<group>"; };
		6776A03924E1B0A100D5C5C1 /* SceneDelegate.swift */ = {isa = PBXFileReference; lastKnownFileType = sourcecode.swift; path = SceneDelegate.swift; sourceTree = "<group>"; };
		6776A03B24E1B0A100D5C5C1 /* ViewController.swift */ = {isa = PBXFileReference; lastKnownFileType = sourcecode.swift; path = ViewController.swift; sourceTree = "<group>"; };
		6776A03E24E1B0A100D5C5C1 /* Base */ = {isa = PBXFileReference; lastKnownFileType = file.storyboard; name = Base; path = Base.lproj/Main.storyboard; sourceTree = "<group>"; };
		6776A04024E1B0A400D5C5C1 /* Assets.xcassets */ = {isa = PBXFileReference; lastKnownFileType = folder.assetcatalog; path = Assets.xcassets; sourceTree = "<group>"; };
		6776A04324E1B0A400D5C5C1 /* Base */ = {isa = PBXFileReference; lastKnownFileType = file.storyboard; name = Base; path = Base.lproj/LaunchScreen.storyboard; sourceTree = "<group>"; };
		6776A04524E1B0A400D5C5C1 /* Info.plist */ = {isa = PBXFileReference; lastKnownFileType = text.plist.xml; path = Info.plist; sourceTree = "<group>"; };
		677BFA59250E68AB00C3CB15 /* sound.png */ = {isa = PBXFileReference; lastKnownFileType = image.png; path = sound.png; sourceTree = "<group>"; };
		677BFA5A250E68AB00C3CB15 /* Settings.png */ = {isa = PBXFileReference; lastKnownFileType = image.png; path = Settings.png; sourceTree = "<group>"; };
		677BFA5B250E68AC00C3CB15 /* arrow.png */ = {isa = PBXFileReference; lastKnownFileType = image.png; path = arrow.png; sourceTree = "<group>"; };
		677BFA5C250E68AC00C3CB15 /* help.png */ = {isa = PBXFileReference; lastKnownFileType = image.png; path = help.png; sourceTree = "<group>"; };
		677BFA61250E725B00C3CB15 /* The Domino Effect Logo-02.png */ = {isa = PBXFileReference; lastKnownFileType = image.png; path = "The Domino Effect Logo-02.png"; sourceTree = "<group>"; };
		677BFA63250E73AD00C3CB15 /* start.png */ = {isa = PBXFileReference; lastKnownFileType = image.png; path = start.png; sourceTree = "<group>"; };
		677BFA65250E7ED200C3CB15 /* startbutton.png */ = {isa = PBXFileReference; lastKnownFileType = image.png; path = startbutton.png; sourceTree = "<group>"; };
		6780482925323F5000F443DB /* Royal Blue Dominoes Non-Glow Set-07.png */ = {isa = PBXFileReference; lastKnownFileType = image.png; path = "Royal Blue Dominoes Non-Glow Set-07.png"; sourceTree = "<group>"; };
		6780482A25323F5000F443DB /* Royal Blue Dominoes Non-Glow Set-06.png */ = {isa = PBXFileReference; lastKnownFileType = image.png; path = "Royal Blue Dominoes Non-Glow Set-06.png"; sourceTree = "<group>"; };
		6780482B25323F5000F443DB /* Royal Blue Dominoes Non-Glow Set-010.png */ = {isa = PBXFileReference; lastKnownFileType = image.png; path = "Royal Blue Dominoes Non-Glow Set-010.png"; sourceTree = "<group>"; };
		6780482C25323F5000F443DB /* Royal Blue Dominoes Non-Glow Set-04.png */ = {isa = PBXFileReference; lastKnownFileType = image.png; path = "Royal Blue Dominoes Non-Glow Set-04.png"; sourceTree = "<group>"; };
		6780482D25323F5000F443DB /* Royal Blue Dominoes Non-Glow Set-05.png */ = {isa = PBXFileReference; lastKnownFileType = image.png; path = "Royal Blue Dominoes Non-Glow Set-05.png"; sourceTree = "<group>"; };
		6780482E25323F5000F443DB /* Royal Blue Dominoes Non-Glow Set-01.png */ = {isa = PBXFileReference; lastKnownFileType = image.png; path = "Royal Blue Dominoes Non-Glow Set-01.png"; sourceTree = "<group>"; };
		6780482F25323F5000F443DB /* Royal Blue Dominoes Non-Glow Set-02.png */ = {isa = PBXFileReference; lastKnownFileType = image.png; path = "Royal Blue Dominoes Non-Glow Set-02.png"; sourceTree = "<group>"; };
		6780483025323F5000F443DB /* Royal Blue Dominoes Non-Glow Set-03.png */ = {isa = PBXFileReference; lastKnownFileType = image.png; path = "Royal Blue Dominoes Non-Glow Set-03.png"; sourceTree = "<group>"; };
		6780483125323F5000F443DB /* Royal Blue Dominoes Non-Glow Set-08.png */ = {isa = PBXFileReference; lastKnownFileType = image.png; path = "Royal Blue Dominoes Non-Glow Set-08.png"; sourceTree = "<group>"; };
		6780483225323F5000F443DB /* Royal Blue Dominoes Non-Glow Set-09.png */ = {isa = PBXFileReference; lastKnownFileType = image.png; path = "Royal Blue Dominoes Non-Glow Set-09.png"; sourceTree = "<group>"; };
		6780483425323F5000F443DB /* Royal Blue Dominoes-08.png */ = {isa = PBXFileReference; lastKnownFileType = image.png; path = "Royal Blue Dominoes-08.png"; sourceTree = "<group>"; };
		6780483525323F5000F443DB /* Royal Blue Dominoes-09.png */ = {isa = PBXFileReference; lastKnownFileType = image.png; path = "Royal Blue Dominoes-09.png"; sourceTree = "<group>"; };
		6780483625323F5000F443DB /* Royal Blue Dominoes-01.png */ = {isa = PBXFileReference; lastKnownFileType = image.png; path = "Royal Blue Dominoes-01.png"; sourceTree = "<group>"; };
		6780483725323F5000F443DB /* Royal Blue Dominoes-02.png */ = {isa = PBXFileReference; lastKnownFileType = image.png; path = "Royal Blue Dominoes-02.png"; sourceTree = "<group>"; };
		6780483825323F5000F443DB /* Royal Blue Dominoes-03.png */ = {isa = PBXFileReference; lastKnownFileType = image.png; path = "Royal Blue Dominoes-03.png"; sourceTree = "<group>"; };
		6780483925323F5000F443DB /* Royal Blue Dominoes-07.png */ = {isa = PBXFileReference; lastKnownFileType = image.png; path = "Royal Blue Dominoes-07.png"; sourceTree = "<group>"; };
		6780483A25323F5000F443DB /* Royal Blue Dominoes-06.png */ = {isa = PBXFileReference; lastKnownFileType = image.png; path = "Royal Blue Dominoes-06.png"; sourceTree = "<group>"; };
		6780483B25323F5000F443DB /* Royal Blue Dominoes-04.png */ = {isa = PBXFileReference; lastKnownFileType = image.png; path = "Royal Blue Dominoes-04.png"; sourceTree = "<group>"; };
		6780483C25323F5000F443DB /* Royal Blue Dominoes-10.png */ = {isa = PBXFileReference; lastKnownFileType = image.png; path = "Royal Blue Dominoes-10.png"; sourceTree = "<group>"; };
		6780483D25323F5000F443DB /* Royal Blue Dominoes-05.png */ = {isa = PBXFileReference; lastKnownFileType = image.png; path = "Royal Blue Dominoes-05.png"; sourceTree = "<group>"; };
		67E384AF2517E3AC00296DCE /* LimeGreen.png */ = {isa = PBXFileReference; lastKnownFileType = image.png; path = LimeGreen.png; sourceTree = "<group>"; };
		67E384B02517E3AC00296DCE /* Orange.png */ = {isa = PBXFileReference; lastKnownFileType = image.png; path = Orange.png; sourceTree = "<group>"; };
		67E384B12517E3AC00296DCE /* Yellow.png */ = {isa = PBXFileReference; lastKnownFileType = image.png; path = Yellow.png; sourceTree = "<group>"; };
		67E384B22517E3AC00296DCE /* Pink.png */ = {isa = PBXFileReference; lastKnownFileType = image.png; path = Pink.png; sourceTree = "<group>"; };
		67E384B32517E3AC00296DCE /* Blue.png */ = {isa = PBXFileReference; lastKnownFileType = image.png; path = Blue.png; sourceTree = "<group>"; };
		67E384B42517E3AC00296DCE /* Red.png */ = {isa = PBXFileReference; lastKnownFileType = image.png; path = Red.png; sourceTree = "<group>"; };
		67E384B52517E3AC00296DCE /* Purple.png */ = {isa = PBXFileReference; lastKnownFileType = image.png; path = Purple.png; sourceTree = "<group>"; };
		67E384B62517E3AD00296DCE /* Green.png */ = {isa = PBXFileReference; lastKnownFileType = image.png; path = Green.png; sourceTree = "<group>"; };
		67E384B72517E3AD00296DCE /* White.png */ = {isa = PBXFileReference; lastKnownFileType = image.png; path = White.png; sourceTree = "<group>"; };
		67E384B82517E3AD00296DCE /* Turquoise.png */ = {isa = PBXFileReference; lastKnownFileType = image.png; path = Turquoise.png; sourceTree = "<group>"; };
		67E384C32519720F00296DCE /* HelpViewController.swift */ = {isa = PBXFileReference; lastKnownFileType = sourcecode.swift; path = HelpViewController.swift; sourceTree = "<group>"; };
		67E384C5251BA64400296DCE /* SoundManager.swift */ = {isa = PBXFileReference; fileEncoding = 4; lastKnownFileType = sourcecode.swift; path = SoundManager.swift; sourceTree = "<group>"; };
		67E384C8251BA66B00296DCE /* TDE_V2.m4a */ = {isa = PBXFileReference; lastKnownFileType = file; path = TDE_V2.m4a; sourceTree = "<group>"; };
		67E384CA251BB04800296DCE /* soundOff.png */ = {isa = PBXFileReference; lastKnownFileType = image.png; path = soundOff.png; sourceTree = "<group>"; };
		67E384D1251BDB3100296DCE /* Select_V1.m4a */ = {isa = PBXFileReference; lastKnownFileType = file; path = Select_V1.m4a; sourceTree = "<group>"; };
		67E384D3251BE35D00296DCE /* SelectorBaseViewController.swift */ = {isa = PBXFileReference; lastKnownFileType = sourcecode.swift; path = SelectorBaseViewController.swift; sourceTree = "<group>"; };
		67EC4065253230EF007C2B0B /* Red Dominos-08.png */ = {isa = PBXFileReference; lastKnownFileType = image.png; path = "Red Dominos-08.png"; sourceTree = "<group>"; };
		67EC4066253230EF007C2B0B /* Red Dominos-09.png */ = {isa = PBXFileReference; lastKnownFileType = image.png; path = "Red Dominos-09.png"; sourceTree = "<group>"; };
		67EC4067253230EF007C2B0B /* Red Dominos-04.png */ = {isa = PBXFileReference; lastKnownFileType = image.png; path = "Red Dominos-04.png"; sourceTree = "<group>"; };
		67EC4068253230EF007C2B0B /* Red Dominos-10.png */ = {isa = PBXFileReference; lastKnownFileType = image.png; path = "Red Dominos-10.png"; sourceTree = "<group>"; };
		67EC4069253230EF007C2B0B /* Red Dominos-05.png */ = {isa = PBXFileReference; lastKnownFileType = image.png; path = "Red Dominos-05.png"; sourceTree = "<group>"; };
		67EC406A253230EF007C2B0B /* Red Dominos-07.png */ = {isa = PBXFileReference; lastKnownFileType = image.png; path = "Red Dominos-07.png"; sourceTree = "<group>"; };
		67EC406B253230EF007C2B0B /* Red Dominos-06.png */ = {isa = PBXFileReference; lastKnownFileType = image.png; path = "Red Dominos-06.png"; sourceTree = "<group>"; };
		67EC406C253230EF007C2B0B /* Red Dominos-02.png */ = {isa = PBXFileReference; lastKnownFileType = image.png; path = "Red Dominos-02.png"; sourceTree = "<group>"; };
		67EC406D253230EF007C2B0B /* Red Dominos-03.png */ = {isa = PBXFileReference; lastKnownFileType = image.png; path = "Red Dominos-03.png"; sourceTree = "<group>"; };
		67EC406E253230EF007C2B0B /* Red Dominos-01.png */ = {isa = PBXFileReference; lastKnownFileType = image.png; path = "Red Dominos-01.png"; sourceTree = "<group>"; };
		67EC4070253230EF007C2B0B /* Red Dominos Non-Glow Set-02.png */ = {isa = PBXFileReference; lastKnownFileType = image.png; path = "Red Dominos Non-Glow Set-02.png"; sourceTree = "<group>"; };
		67EC4071253230EF007C2B0B /* Red Dominos Non-Glow Set-03.png */ = {isa = PBXFileReference; lastKnownFileType = image.png; path = "Red Dominos Non-Glow Set-03.png"; sourceTree = "<group>"; };
		67EC4072253230EF007C2B0B /* Red Dominos Non-Glow Set-01.png */ = {isa = PBXFileReference; lastKnownFileType = image.png; path = "Red Dominos Non-Glow Set-01.png"; sourceTree = "<group>"; };
		67EC4073253230EF007C2B0B /* Red Dominos Non-Glow Set-010.png */ = {isa = PBXFileReference; lastKnownFileType = image.png; path = "Red Dominos Non-Glow Set-010.png"; sourceTree = "<group>"; };
		67EC4074253230EF007C2B0B /* Red Dominos Non-Glow Set-04.png */ = {isa = PBXFileReference; lastKnownFileType = image.png; path = "Red Dominos Non-Glow Set-04.png"; sourceTree = "<group>"; };
		67EC4075253230EF007C2B0B /* Red Dominos Non-Glow Set-05.png */ = {isa = PBXFileReference; lastKnownFileType = image.png; path = "Red Dominos Non-Glow Set-05.png"; sourceTree = "<group>"; };
		67EC4076253230EF007C2B0B /* Red Dominos Non-Glow Set-07.png */ = {isa = PBXFileReference; lastKnownFileType = image.png; path = "Red Dominos Non-Glow Set-07.png"; sourceTree = "<group>"; };
		67EC4077253230EF007C2B0B /* Red Dominos Non-Glow Set-06.png */ = {isa = PBXFileReference; lastKnownFileType = image.png; path = "Red Dominos Non-Glow Set-06.png"; sourceTree = "<group>"; };
		67EC4078253230EF007C2B0B /* Red Dominos Non-Glow Set-08.png */ = {isa = PBXFileReference; lastKnownFileType = image.png; path = "Red Dominos Non-Glow Set-08.png"; sourceTree = "<group>"; };
		67EC4079253230EF007C2B0B /* Red Dominos Non-Glow Set-09.png */ = {isa = PBXFileReference; lastKnownFileType = image.png; path = "Red Dominos Non-Glow Set-09.png"; sourceTree = "<group>"; };
		67EC40922532312D007C2B0B /* Orange Dominos-04.png */ = {isa = PBXFileReference; lastKnownFileType = image.png; path = "Orange Dominos-04.png"; sourceTree = "<group>"; };
		67EC40932532312D007C2B0B /* Orange Dominos-10.png */ = {isa = PBXFileReference; lastKnownFileType = image.png; path = "Orange Dominos-10.png"; sourceTree = "<group>"; };
		67EC40942532312D007C2B0B /* Orange Dominos-05.png */ = {isa = PBXFileReference; lastKnownFileType = image.png; path = "Orange Dominos-05.png"; sourceTree = "<group>"; };
		67EC40952532312D007C2B0B /* Orange Dominos-07.png */ = {isa = PBXFileReference; lastKnownFileType = image.png; path = "Orange Dominos-07.png"; sourceTree = "<group>"; };
		67EC40962532312D007C2B0B /* Orange Dominos-06.png */ = {isa = PBXFileReference; lastKnownFileType = image.png; path = "Orange Dominos-06.png"; sourceTree = "<group>"; };
		67EC40972532312D007C2B0B /* Orange Dominos-02.png */ = {isa = PBXFileReference; lastKnownFileType = image.png; path = "Orange Dominos-02.png"; sourceTree = "<group>"; };
		67EC40982532312D007C2B0B /* Orange Dominos-03.png */ = {isa = PBXFileReference; lastKnownFileType = image.png; path = "Orange Dominos-03.png"; sourceTree = "<group>"; };
		67EC40992532312D007C2B0B /* Orange Dominos-01.png */ = {isa = PBXFileReference; lastKnownFileType = image.png; path = "Orange Dominos-01.png"; sourceTree = "<group>"; };
		67EC409A2532312D007C2B0B /* Orange Dominos-08.png */ = {isa = PBXFileReference; lastKnownFileType = image.png; path = "Orange Dominos-08.png"; sourceTree = "<group>"; };
		67EC409B2532312D007C2B0B /* Orange Dominos-09.png */ = {isa = PBXFileReference; lastKnownFileType = image.png; path = "Orange Dominos-09.png"; sourceTree = "<group>"; };
		67EC40A925323559007C2B0B /* Forest Green Dominoes Non-Glow Set-08.png */ = {isa = PBXFileReference; lastKnownFileType = image.png; path = "Forest Green Dominoes Non-Glow Set-08.png"; sourceTree = "<group>"; };
		67EC40AA25323559007C2B0B /* Forest Green Dominoes Non-Glow Set-09.png */ = {isa = PBXFileReference; lastKnownFileType = image.png; path = "Forest Green Dominoes Non-Glow Set-09.png"; sourceTree = "<group>"; };
		67EC40AB25323559007C2B0B /* Forest Green Dominoes Non-Glow Set-07.png */ = {isa = PBXFileReference; lastKnownFileType = image.png; path = "Forest Green Dominoes Non-Glow Set-07.png"; sourceTree = "<group>"; };
		67EC40AC25323559007C2B0B /* Forest Green Dominoes Non-Glow Set-06.png */ = {isa = PBXFileReference; lastKnownFileType = image.png; path = "Forest Green Dominoes Non-Glow Set-06.png"; sourceTree = "<group>"; };
		67EC40AD25323559007C2B0B /* Forest Green Dominoes Non-Glow Set-010.png */ = {isa = PBXFileReference; lastKnownFileType = image.png; path = "Forest Green Dominoes Non-Glow Set-010.png"; sourceTree = "<group>"; };
		67EC40AE25323559007C2B0B /* Forest Green Dominoes Non-Glow Set-04.png */ = {isa = PBXFileReference; lastKnownFileType = image.png; path = "Forest Green Dominoes Non-Glow Set-04.png"; sourceTree = "<group>"; };
		67EC40AF25323559007C2B0B /* Forest Green Dominoes Non-Glow Set-05.png */ = {isa = PBXFileReference; lastKnownFileType = image.png; path = "Forest Green Dominoes Non-Glow Set-05.png"; sourceTree = "<group>"; };
		67EC40B025323559007C2B0B /* Forest Green Dominoes Non-Glow Set-01.png */ = {isa = PBXFileReference; lastKnownFileType = image.png; path = "Forest Green Dominoes Non-Glow Set-01.png"; sourceTree = "<group>"; };
		67EC40B125323559007C2B0B /* Forest Green Dominoes Non-Glow Set-02.png */ = {isa = PBXFileReference; lastKnownFileType = image.png; path = "Forest Green Dominoes Non-Glow Set-02.png"; sourceTree = "<group>"; };
		67EC40B225323559007C2B0B /* Forest Green Dominoes Non-Glow Set-03.png */ = {isa = PBXFileReference; lastKnownFileType = image.png; path = "Forest Green Dominoes Non-Glow Set-03.png"; sourceTree = "<group>"; };
		67EC40B425323559007C2B0B /* Forest Green Dominoes-09.png */ = {isa = PBXFileReference; lastKnownFileType = image.png; path = "Forest Green Dominoes-09.png"; sourceTree = "<group>"; };
		67EC40B525323559007C2B0B /* Forest Green Dominoes-08.png */ = {isa = PBXFileReference; lastKnownFileType = image.png; path = "Forest Green Dominoes-08.png"; sourceTree = "<group>"; };
		67EC40B625323559007C2B0B /* Forest Green Dominoes-06.png */ = {isa = PBXFileReference; lastKnownFileType = image.png; path = "Forest Green Dominoes-06.png"; sourceTree = "<group>"; };
		67EC40B725323559007C2B0B /* Forest Green Dominoes-07.png */ = {isa = PBXFileReference; lastKnownFileType = image.png; path = "Forest Green Dominoes-07.png"; sourceTree = "<group>"; };
		67EC40B825323559007C2B0B /* Forest Green Dominoes-05.png */ = {isa = PBXFileReference; lastKnownFileType = image.png; path = "Forest Green Dominoes-05.png"; sourceTree = "<group>"; };
		67EC40B925323559007C2B0B /* Forest Green Dominoes-10.png */ = {isa = PBXFileReference; lastKnownFileType = image.png; path = "Forest Green Dominoes-10.png"; sourceTree = "<group>"; };
		67EC40BA25323559007C2B0B /* Forest Green Dominoes-04.png */ = {isa = PBXFileReference; lastKnownFileType = image.png; path = "Forest Green Dominoes-04.png"; sourceTree = "<group>"; };
		67EC40BB25323559007C2B0B /* Forest Green Dominoes-01.png */ = {isa = PBXFileReference; lastKnownFileType = image.png; path = "Forest Green Dominoes-01.png"; sourceTree = "<group>"; };
		67EC40BC25323559007C2B0B /* Forest Green Dominoes-03.png */ = {isa = PBXFileReference; lastKnownFileType = image.png; path = "Forest Green Dominoes-03.png"; sourceTree = "<group>"; };
		67EC40BD25323559007C2B0B /* Forest Green Dominoes-02.png */ = {isa = PBXFileReference; lastKnownFileType = image.png; path = "Forest Green Dominoes-02.png"; sourceTree = "<group>"; };
		67EC40C425323559007C2B0B /* Lime Green Dominos Non-Glow Set-08.png */ = {isa = PBXFileReference; lastKnownFileType = image.png; path = "Lime Green Dominos Non-Glow Set-08.png"; sourceTree = "<group>"; };
		67EC40C625323559007C2B0B /* Lime Green Dominos Non-Glow Set-09.png */ = {isa = PBXFileReference; lastKnownFileType = image.png; path = "Lime Green Dominos Non-Glow Set-09.png"; sourceTree = "<group>"; };
		67EC40C825323559007C2B0B /* Lime Green Dominos Non-Glow Set-04.png */ = {isa = PBXFileReference; lastKnownFileType = image.png; path = "Lime Green Dominos Non-Glow Set-04.png"; sourceTree = "<group>"; };
		67EC40C925323559007C2B0B /* Lime Green Dominos Non-Glow Set-010.png */ = {isa = PBXFileReference; lastKnownFileType = image.png; path = "Lime Green Dominos Non-Glow Set-010.png"; sourceTree = "<group>"; };
		67EC40CB25323559007C2B0B /* Lime Green Dominos Non-Glow Set-05.png */ = {isa = PBXFileReference; lastKnownFileType = image.png; path = "Lime Green Dominos Non-Glow Set-05.png"; sourceTree = "<group>"; };
		67EC40CC25323559007C2B0B /* Lime Green Dominos Non-Glow Set-07.png */ = {isa = PBXFileReference; lastKnownFileType = image.png; path = "Lime Green Dominos Non-Glow Set-07.png"; sourceTree = "<group>"; };
		67EC40CD25323559007C2B0B /* Lime Green Dominos Non-Glow Set-06.png */ = {isa = PBXFileReference; lastKnownFileType = image.png; path = "Lime Green Dominos Non-Glow Set-06.png"; sourceTree = "<group>"; };
		67EC40CE25323559007C2B0B /* Lime Green Dominos Non-Glow Set-02.png */ = {isa = PBXFileReference; lastKnownFileType = image.png; path = "Lime Green Dominos Non-Glow Set-02.png"; sourceTree = "<group>"; };
		67EC40CF25323559007C2B0B /* Lime Green Dominos Non-Glow Set-03.png */ = {isa = PBXFileReference; lastKnownFileType = image.png; path = "Lime Green Dominos Non-Glow Set-03.png"; sourceTree = "<group>"; };
		67EC40D025323559007C2B0B /* Lime Green Dominos Non-Glow Set-01.png */ = {isa = PBXFileReference; lastKnownFileType = image.png; path = "Lime Green Dominos Non-Glow Set-01.png"; sourceTree = "<group>"; };
		67EC40D525323559007C2B0B /* Lime Green Dominos-08.png */ = {isa = PBXFileReference; lastKnownFileType = image.png; path = "Lime Green Dominos-08.png"; sourceTree = "<group>"; };
		67EC40D625323559007C2B0B /* Lime Green Dominos-09.png */ = {isa = PBXFileReference; lastKnownFileType = image.png; path = "Lime Green Dominos-09.png"; sourceTree = "<group>"; };
		67EC40D725323559007C2B0B /* Lime Green Dominos-04.png */ = {isa = PBXFileReference; lastKnownFileType = image.png; path = "Lime Green Dominos-04.png"; sourceTree = "<group>"; };
		67EC40D825323559007C2B0B /* Lime Green Dominos-10.png */ = {isa = PBXFileReference; lastKnownFileType = image.png; path = "Lime Green Dominos-10.png"; sourceTree = "<group>"; };
		67EC40D925323559007C2B0B /* Lime Green Dominos-05.png */ = {isa = PBXFileReference; lastKnownFileType = image.png; path = "Lime Green Dominos-05.png"; sourceTree = "<group>"; };
		67EC40DA25323559007C2B0B /* Lime Green Dominos-07.png */ = {isa = PBXFileReference; lastKnownFileType = image.png; path = "Lime Green Dominos-07.png"; sourceTree = "<group>"; };
		67EC40DB25323559007C2B0B /* Lime Green Dominos-06.png */ = {isa = PBXFileReference; lastKnownFileType = image.png; path = "Lime Green Dominos-06.png"; sourceTree = "<group>"; };
		67EC40DC25323559007C2B0B /* Lime Green Dominos-02.png */ = {isa = PBXFileReference; lastKnownFileType = image.png; path = "Lime Green Dominos-02.png"; sourceTree = "<group>"; };
		67EC40DD25323559007C2B0B /* Lime Green Dominos-03.png */ = {isa = PBXFileReference; lastKnownFileType = image.png; path = "Lime Green Dominos-03.png"; sourceTree = "<group>"; };
		67EC40DE25323559007C2B0B /* Lime Green Dominos-01.png */ = {isa = PBXFileReference; lastKnownFileType = image.png; path = "Lime Green Dominos-01.png"; sourceTree = "<group>"; };
		67EC40E125323559007C2B0B /* Aqua Dominoes Non-Glow Set-09.png */ = {isa = PBXFileReference; lastKnownFileType = image.png; path = "Aqua Dominoes Non-Glow Set-09.png"; sourceTree = "<group>"; };
		67EC40E225323559007C2B0B /* Aqua Dominoes Non-Glow Set-08.png */ = {isa = PBXFileReference; lastKnownFileType = image.png; path = "Aqua Dominoes Non-Glow Set-08.png"; sourceTree = "<group>"; };
		67EC40E325323559007C2B0B /* Aqua Dominoes Non-Glow Set-05.png */ = {isa = PBXFileReference; lastKnownFileType = image.png; path = "Aqua Dominoes Non-Glow Set-05.png"; sourceTree = "<group>"; };
		67EC40E425323559007C2B0B /* Aqua Dominoes Non-Glow Set-010.png */ = {isa = PBXFileReference; lastKnownFileType = image.png; path = "Aqua Dominoes Non-Glow Set-010.png"; sourceTree = "<group>"; };
		67EC40E525323559007C2B0B /* Aqua Dominoes Non-Glow Set-04.png */ = {isa = PBXFileReference; lastKnownFileType = image.png; path = "Aqua Dominoes Non-Glow Set-04.png"; sourceTree = "<group>"; };
		67EC40E625323559007C2B0B /* Aqua Dominoes Non-Glow Set-06.png */ = {isa = PBXFileReference; lastKnownFileType = image.png; path = "Aqua Dominoes Non-Glow Set-06.png"; sourceTree = "<group>"; };
		67EC40E725323559007C2B0B /* Aqua Dominoes Non-Glow Set-07.png */ = {isa = PBXFileReference; lastKnownFileType = image.png; path = "Aqua Dominoes Non-Glow Set-07.png"; sourceTree = "<group>"; };
		67EC40E825323559007C2B0B /* Aqua Dominoes Non-Glow Set-03.png */ = {isa = PBXFileReference; lastKnownFileType = image.png; path = "Aqua Dominoes Non-Glow Set-03.png"; sourceTree = "<group>"; };
		67EC40E925323559007C2B0B /* Aqua Dominoes Non-Glow Set-02.png */ = {isa = PBXFileReference; lastKnownFileType = image.png; path = "Aqua Dominoes Non-Glow Set-02.png"; sourceTree = "<group>"; };
		67EC40EA25323559007C2B0B /* Aqua Dominoes Non-Glow Set-01.png */ = {isa = PBXFileReference; lastKnownFileType = image.png; path = "Aqua Dominoes Non-Glow Set-01.png"; sourceTree = "<group>"; };
		67EC40EC25323559007C2B0B /* Aqua Dominoes-08.png */ = {isa = PBXFileReference; lastKnownFileType = image.png; path = "Aqua Dominoes-08.png"; sourceTree = "<group>"; };
		67EC40ED25323559007C2B0B /* Aqua Dominoes-09.png */ = {isa = PBXFileReference; lastKnownFileType = image.png; path = "Aqua Dominoes-09.png"; sourceTree = "<group>"; };
		67EC40EE25323559007C2B0B /* Aqua Dominoes-02.png */ = {isa = PBXFileReference; lastKnownFileType = image.png; path = "Aqua Dominoes-02.png"; sourceTree = "<group>"; };
		67EC40EF25323559007C2B0B /* Aqua Dominoes-03.png */ = {isa = PBXFileReference; lastKnownFileType = image.png; path = "Aqua Dominoes-03.png"; sourceTree = "<group>"; };
		67EC40F025323559007C2B0B /* Aqua Dominoes-01.png */ = {isa = PBXFileReference; lastKnownFileType = image.png; path = "Aqua Dominoes-01.png"; sourceTree = "<group>"; };
		67EC40F125323559007C2B0B /* Aqua Dominoes-04.png */ = {isa = PBXFileReference; lastKnownFileType = image.png; path = "Aqua Dominoes-04.png"; sourceTree = "<group>"; };
		67EC40F225323559007C2B0B /* Aqua Dominoes-10.png */ = {isa = PBXFileReference; lastKnownFileType = image.png; path = "Aqua Dominoes-10.png"; sourceTree = "<group>"; };
		67EC40F325323559007C2B0B /* Aqua Dominoes-05.png */ = {isa = PBXFileReference; lastKnownFileType = image.png; path = "Aqua Dominoes-05.png"; sourceTree = "<group>"; };
		67EC40F425323559007C2B0B /* Aqua Dominoes-07.png */ = {isa = PBXFileReference; lastKnownFileType = image.png; path = "Aqua Dominoes-07.png"; sourceTree = "<group>"; };
		67EC40F525323559007C2B0B /* Aqua Dominoes-06.png */ = {isa = PBXFileReference; lastKnownFileType = image.png; path = "Aqua Dominoes-06.png"; sourceTree = "<group>"; };
		67EC40F825323559007C2B0B /* Yellow Dominos Non-Glow Set-09.png */ = {isa = PBXFileReference; lastKnownFileType = image.png; path = "Yellow Dominos Non-Glow Set-09.png"; sourceTree = "<group>"; };
		67EC40F925323559007C2B0B /* Yellow Dominos Non-Glow Set-08.png */ = {isa = PBXFileReference; lastKnownFileType = image.png; path = "Yellow Dominos Non-Glow Set-08.png"; sourceTree = "<group>"; };
		67EC40FA25323559007C2B0B /* Yellow Dominos Non-Glow Set-06.png */ = {isa = PBXFileReference; lastKnownFileType = image.png; path = "Yellow Dominos Non-Glow Set-06.png"; sourceTree = "<group>"; };
		67EC40FB25323559007C2B0B /* Yellow Dominos Non-Glow Set-07.png */ = {isa = PBXFileReference; lastKnownFileType = image.png; path = "Yellow Dominos Non-Glow Set-07.png"; sourceTree = "<group>"; };
		67EC40FC25323559007C2B0B /* Yellow Dominos Non-Glow Set-05.png */ = {isa = PBXFileReference; lastKnownFileType = image.png; path = "Yellow Dominos Non-Glow Set-05.png"; sourceTree = "<group>"; };
		67EC40FD25323559007C2B0B /* Yellow Dominos Non-Glow Set-010.png */ = {isa = PBXFileReference; lastKnownFileType = image.png; path = "Yellow Dominos Non-Glow Set-010.png"; sourceTree = "<group>"; };
		67EC40FE25323559007C2B0B /* Yellow Dominos Non-Glow Set-04.png */ = {isa = PBXFileReference; lastKnownFileType = image.png; path = "Yellow Dominos Non-Glow Set-04.png"; sourceTree = "<group>"; };
		67EC40FF25323559007C2B0B /* Yellow Dominos Non-Glow Set-01.png */ = {isa = PBXFileReference; lastKnownFileType = image.png; path = "Yellow Dominos Non-Glow Set-01.png"; sourceTree = "<group>"; };
		67EC410025323559007C2B0B /* Yellow Dominos Non-Glow Set-03.png */ = {isa = PBXFileReference; lastKnownFileType = image.png; path = "Yellow Dominos Non-Glow Set-03.png"; sourceTree = "<group>"; };
		67EC410125323559007C2B0B /* Yellow Dominos Non-Glow Set-02.png */ = {isa = PBXFileReference; lastKnownFileType = image.png; path = "Yellow Dominos Non-Glow Set-02.png"; sourceTree = "<group>"; };
		67EC410325323559007C2B0B /* Yellow Dominos-09.png */ = {isa = PBXFileReference; lastKnownFileType = image.png; path = "Yellow Dominos-09.png"; sourceTree = "<group>"; };
		67EC410425323559007C2B0B /* Yellow Dominos-08.png */ = {isa = PBXFileReference; lastKnownFileType = image.png; path = "Yellow Dominos-08.png"; sourceTree = "<group>"; };
		67EC410525323559007C2B0B /* Yellow Dominos-06.png */ = {isa = PBXFileReference; lastKnownFileType = image.png; path = "Yellow Dominos-06.png"; sourceTree = "<group>"; };
		67EC410625323559007C2B0B /* Yellow Dominos-07.png */ = {isa = PBXFileReference; lastKnownFileType = image.png; path = "Yellow Dominos-07.png"; sourceTree = "<group>"; };
		67EC410725323559007C2B0B /* Yellow Dominos-05.png */ = {isa = PBXFileReference; lastKnownFileType = image.png; path = "Yellow Dominos-05.png"; sourceTree = "<group>"; };
		67EC410825323559007C2B0B /* Yellow Dominos-10.png */ = {isa = PBXFileReference; lastKnownFileType = image.png; path = "Yellow Dominos-10.png"; sourceTree = "<group>"; };
		67EC41092532355A007C2B0B /* Yellow Dominos-04.png */ = {isa = PBXFileReference; lastKnownFileType = image.png; path = "Yellow Dominos-04.png"; sourceTree = "<group>"; };
		67EC410A2532355A007C2B0B /* Yellow Dominos-01.png */ = {isa = PBXFileReference; lastKnownFileType = image.png; path = "Yellow Dominos-01.png"; sourceTree = "<group>"; };
		67EC410B2532355A007C2B0B /* Yellow Dominos-03.png */ = {isa = PBXFileReference; lastKnownFileType = image.png; path = "Yellow Dominos-03.png"; sourceTree = "<group>"; };
		67EC410C2532355A007C2B0B /* Yellow Dominos-02.png */ = {isa = PBXFileReference; lastKnownFileType = image.png; path = "Yellow Dominos-02.png"; sourceTree = "<group>"; };
/* End PBXFileReference section */

/* Begin PBXFrameworksBuildPhase section */
		6776A03124E1B0A100D5C5C1 /* Frameworks */ = {
			isa = PBXFrameworksBuildPhase;
			buildActionMask = 2147483647;
			files = (
			);
			runOnlyForDeploymentPostprocessing = 0;
		};
/* End PBXFrameworksBuildPhase section */

/* Begin PBXGroup section */
		6776A02B24E1B0A100D5C5C1 = {
			isa = PBXGroup;
			children = (
				6776A03624E1B0A100D5C5C1 /* The Domino Effect */,
				6776A03524E1B0A100D5C5C1 /* Products */,
			);
			sourceTree = "<group>";
		};
		6776A03524E1B0A100D5C5C1 /* Products */ = {
			isa = PBXGroup;
			children = (
				6776A03424E1B0A100D5C5C1 /* The Domino Effect.app */,
			);
			name = Products;
			sourceTree = "<group>";
		};
		6776A03624E1B0A100D5C5C1 /* The Domino Effect */ = {
			isa = PBXGroup;
			children = (
				67E384C5251BA64400296DCE /* SoundManager.swift */,
				676929EC25253CB000A9A04B /* Domino.swift */,
				676929F525256B5200A9A04B /* DominoManager.swift */,
				6776A03724E1B0A100D5C5C1 /* AppDelegate.swift */,
				6776A03924E1B0A100D5C5C1 /* SceneDelegate.swift */,
				6776A03B24E1B0A100D5C5C1 /* ViewController.swift */,
				67E384C32519720F00296DCE /* HelpViewController.swift */,
				67E384D3251BE35D00296DCE /* SelectorBaseViewController.swift */,
				676929E125211C5A00A9A04B /* NumberMenuViewController.swift */,
				676929F02525525C00A9A04B /* ResultsViewController.swift */,
				6776A03D24E1B0A100D5C5C1 /* Main.storyboard */,
				6776A04024E1B0A400D5C5C1 /* Assets.xcassets */,
				67E384C7251BA64B00296DCE /* Sounds */,
				677BFA52250E686F00C3CB15 /* Images */,
				6776A04224E1B0A400D5C5C1 /* LaunchScreen.storyboard */,
				6776A04524E1B0A400D5C5C1 /* Info.plist */,
			);
			path = "The Domino Effect";
			sourceTree = "<group>";
		};
		677BFA52250E686F00C3CB15 /* Images */ = {
			isa = PBXGroup;
			children = (
				67E384AE2517E38900296DCE /* Dominoes */,
				677BFA65250E7ED200C3CB15 /* startbutton.png */,
				67E384CA251BB04800296DCE /* soundOff.png */,
				677BFA63250E73AD00C3CB15 /* start.png */,
				676929E92522DB9000A9A04B /* start2.png */,
				677BFA61250E725B00C3CB15 /* The Domino Effect Logo-02.png */,
				677BFA5B250E68AC00C3CB15 /* arrow.png */,
				677BFA5C250E68AC00C3CB15 /* help.png */,
				677BFA5A250E68AB00C3CB15 /* Settings.png */,
				677BFA59250E68AB00C3CB15 /* sound.png */,
			);
			path = Images;
			sourceTree = "<group>";
		};
		6780482725323F5000F443DB /* (7) Royal Blue Set */ = {
			isa = PBXGroup;
			children = (
				6780482825323F5000F443DB /* Non-Glow Set */,
				6780483325323F5000F443DB /* Glow Set */,
			);
			path = "(7) Royal Blue Set";
			sourceTree = "<group>";
		};
		6780482825323F5000F443DB /* Non-Glow Set */ = {
			isa = PBXGroup;
			children = (
				6780482925323F5000F443DB /* Royal Blue Dominoes Non-Glow Set-07.png */,
				6780482A25323F5000F443DB /* Royal Blue Dominoes Non-Glow Set-06.png */,
				6780482B25323F5000F443DB /* Royal Blue Dominoes Non-Glow Set-010.png */,
				6780482C25323F5000F443DB /* Royal Blue Dominoes Non-Glow Set-04.png */,
				6780482D25323F5000F443DB /* Royal Blue Dominoes Non-Glow Set-05.png */,
				6780482E25323F5000F443DB /* Royal Blue Dominoes Non-Glow Set-01.png */,
				6780482F25323F5000F443DB /* Royal Blue Dominoes Non-Glow Set-02.png */,
				6780483025323F5000F443DB /* Royal Blue Dominoes Non-Glow Set-03.png */,
				6780483125323F5000F443DB /* Royal Blue Dominoes Non-Glow Set-08.png */,
				6780483225323F5000F443DB /* Royal Blue Dominoes Non-Glow Set-09.png */,
			);
			path = "Non-Glow Set";
			sourceTree = "<group>";
		};
		6780483325323F5000F443DB /* Glow Set */ = {
			isa = PBXGroup;
			children = (
				6780483425323F5000F443DB /* Royal Blue Dominoes-08.png */,
				6780483525323F5000F443DB /* Royal Blue Dominoes-09.png */,
				6780483625323F5000F443DB /* Royal Blue Dominoes-01.png */,
				6780483725323F5000F443DB /* Royal Blue Dominoes-02.png */,
				6780483825323F5000F443DB /* Royal Blue Dominoes-03.png */,
				6780483925323F5000F443DB /* Royal Blue Dominoes-07.png */,
				6780483A25323F5000F443DB /* Royal Blue Dominoes-06.png */,
				6780483B25323F5000F443DB /* Royal Blue Dominoes-04.png */,
				6780483C25323F5000F443DB /* Royal Blue Dominoes-10.png */,
				6780483D25323F5000F443DB /* Royal Blue Dominoes-05.png */,
			);
			path = "Glow Set";
			sourceTree = "<group>";
		};
		67E384AE2517E38900296DCE /* Dominoes */ = {
			isa = PBXGroup;
			children = (
				67EC4063253230EF007C2B0B /* (1) Red Set */,
				67EC40902532312D007C2B0B /* (2) Orange Set */,
				67EC40F625323559007C2B0B /* (3) Yellow Set */,
				67EC40BE25323559007C2B0B /* (4) Lime Green Set */,
				67EC40A725323559007C2B0B /* (5) Forest Green Set */,
				67EC40DF25323559007C2B0B /* (6) Aqua Set */,
				6780482725323F5000F443DB /* (7) Royal Blue Set */,
				67E384B32517E3AC00296DCE /* Blue.png */,
				67E384B62517E3AD00296DCE /* Green.png */,
				67E384AF2517E3AC00296DCE /* LimeGreen.png */,
				67E384B02517E3AC00296DCE /* Orange.png */,
				67E384B22517E3AC00296DCE /* Pink.png */,
				67E384B52517E3AC00296DCE /* Purple.png */,
				67E384B42517E3AC00296DCE /* Red.png */,
				67E384B82517E3AD00296DCE /* Turquoise.png */,
				67E384B72517E3AD00296DCE /* White.png */,
				67E384B12517E3AC00296DCE /* Yellow.png */,
			);
			path = Dominoes;
			sourceTree = "<group>";
		};
		67E384C7251BA64B00296DCE /* Sounds */ = {
			isa = PBXGroup;
			children = (
				67E384D1251BDB3100296DCE /* Select_V1.m4a */,
				67E384C8251BA66B00296DCE /* TDE_V2.m4a */,
			);
			path = Sounds;
			sourceTree = "<group>";
		};
		67EC4063253230EF007C2B0B /* (1) Red Set */ = {
			isa = PBXGroup;
			children = (
				67EC4064253230EF007C2B0B /* Glow Version */,
				67EC406F253230EF007C2B0B /* Non-Glow Version */,
			);
			path = "(1) Red Set";
			sourceTree = "<group>";
		};
		67EC4064253230EF007C2B0B /* Glow Version */ = {
			isa = PBXGroup;
			children = (
				67EC406E253230EF007C2B0B /* Red Dominos-01.png */,
				67EC406C253230EF007C2B0B /* Red Dominos-02.png */,
				67EC406D253230EF007C2B0B /* Red Dominos-03.png */,
				67EC4067253230EF007C2B0B /* Red Dominos-04.png */,
				67EC4069253230EF007C2B0B /* Red Dominos-05.png */,
				67EC406B253230EF007C2B0B /* Red Dominos-06.png */,
				67EC406A253230EF007C2B0B /* Red Dominos-07.png */,
				67EC4065253230EF007C2B0B /* Red Dominos-08.png */,
				67EC4066253230EF007C2B0B /* Red Dominos-09.png */,
				67EC4068253230EF007C2B0B /* Red Dominos-10.png */,
			);
			path = "Glow Version";
			sourceTree = "<group>";
		};
		67EC406F253230EF007C2B0B /* Non-Glow Version */ = {
			isa = PBXGroup;
			children = (
				67EC4070253230EF007C2B0B /* Red Dominos Non-Glow Set-02.png */,
				67EC4071253230EF007C2B0B /* Red Dominos Non-Glow Set-03.png */,
				67EC4072253230EF007C2B0B /* Red Dominos Non-Glow Set-01.png */,
				67EC4073253230EF007C2B0B /* Red Dominos Non-Glow Set-010.png */,
				67EC4074253230EF007C2B0B /* Red Dominos Non-Glow Set-04.png */,
				67EC4075253230EF007C2B0B /* Red Dominos Non-Glow Set-05.png */,
				67EC4076253230EF007C2B0B /* Red Dominos Non-Glow Set-07.png */,
				67EC4077253230EF007C2B0B /* Red Dominos Non-Glow Set-06.png */,
				67EC4078253230EF007C2B0B /* Red Dominos Non-Glow Set-08.png */,
				67EC4079253230EF007C2B0B /* Red Dominos Non-Glow Set-09.png */,
			);
			path = "Non-Glow Version";
			sourceTree = "<group>";
		};
		67EC40902532312D007C2B0B /* (2) Orange Set */ = {
			isa = PBXGroup;
			children = (
				67EC40912532312D007C2B0B /* Glow Set */,
			);
			path = "(2) Orange Set";
			sourceTree = "<group>";
		};
		67EC40912532312D007C2B0B /* Glow Set */ = {
			isa = PBXGroup;
			children = (
				67EC40922532312D007C2B0B /* Orange Dominos-04.png */,
				67EC40932532312D007C2B0B /* Orange Dominos-10.png */,
				67EC40942532312D007C2B0B /* Orange Dominos-05.png */,
				67EC40952532312D007C2B0B /* Orange Dominos-07.png */,
				67EC40962532312D007C2B0B /* Orange Dominos-06.png */,
				67EC40972532312D007C2B0B /* Orange Dominos-02.png */,
				67EC40982532312D007C2B0B /* Orange Dominos-03.png */,
				67EC40992532312D007C2B0B /* Orange Dominos-01.png */,
				67EC409A2532312D007C2B0B /* Orange Dominos-08.png */,
				67EC409B2532312D007C2B0B /* Orange Dominos-09.png */,
			);
			path = "Glow Set";
			sourceTree = "<group>";
		};
		67EC40A725323559007C2B0B /* (5) Forest Green Set */ = {
			isa = PBXGroup;
			children = (
				67EC40A825323559007C2B0B /* Non-Glow Set */,
				67EC40B325323559007C2B0B /* Glow Set */,
			);
			path = "(5) Forest Green Set";
			sourceTree = "<group>";
		};
		67EC40A825323559007C2B0B /* Non-Glow Set */ = {
			isa = PBXGroup;
			children = (
				67EC40A925323559007C2B0B /* Forest Green Dominoes Non-Glow Set-08.png */,
				67EC40AA25323559007C2B0B /* Forest Green Dominoes Non-Glow Set-09.png */,
				67EC40AB25323559007C2B0B /* Forest Green Dominoes Non-Glow Set-07.png */,
				67EC40AC25323559007C2B0B /* Forest Green Dominoes Non-Glow Set-06.png */,
				67EC40AD25323559007C2B0B /* Forest Green Dominoes Non-Glow Set-010.png */,
				67EC40AE25323559007C2B0B /* Forest Green Dominoes Non-Glow Set-04.png */,
				67EC40AF25323559007C2B0B /* Forest Green Dominoes Non-Glow Set-05.png */,
				67EC40B025323559007C2B0B /* Forest Green Dominoes Non-Glow Set-01.png */,
				67EC40B125323559007C2B0B /* Forest Green Dominoes Non-Glow Set-02.png */,
				67EC40B225323559007C2B0B /* Forest Green Dominoes Non-Glow Set-03.png */,
			);
			path = "Non-Glow Set";
			sourceTree = "<group>";
		};
		67EC40B325323559007C2B0B /* Glow Set */ = {
			isa = PBXGroup;
			children = (
				67EC40B425323559007C2B0B /* Forest Green Dominoes-09.png */,
				67EC40B525323559007C2B0B /* Forest Green Dominoes-08.png */,
				67EC40B625323559007C2B0B /* Forest Green Dominoes-06.png */,
				67EC40B725323559007C2B0B /* Forest Green Dominoes-07.png */,
				67EC40B825323559007C2B0B /* Forest Green Dominoes-05.png */,
				67EC40B925323559007C2B0B /* Forest Green Dominoes-10.png */,
				67EC40BA25323559007C2B0B /* Forest Green Dominoes-04.png */,
				67EC40BB25323559007C2B0B /* Forest Green Dominoes-01.png */,
				67EC40BC25323559007C2B0B /* Forest Green Dominoes-03.png */,
				67EC40BD25323559007C2B0B /* Forest Green Dominoes-02.png */,
			);
			path = "Glow Set";
			sourceTree = "<group>";
		};
		67EC40BE25323559007C2B0B /* (4) Lime Green Set */ = {
			isa = PBXGroup;
			children = (
				67EC40BF25323559007C2B0B /* Non-Glow Set */,
				67EC40D425323559007C2B0B /* Glow Set */,
			);
			path = "(4) Lime Green Set";
			sourceTree = "<group>";
		};
		67EC40BF25323559007C2B0B /* Non-Glow Set */ = {
			isa = PBXGroup;
			children = (
				67EC40D025323559007C2B0B /* Lime Green Dominos Non-Glow Set-01.png */,
				67EC40CE25323559007C2B0B /* Lime Green Dominos Non-Glow Set-02.png */,
				67EC40CF25323559007C2B0B /* Lime Green Dominos Non-Glow Set-03.png */,
				67EC40C825323559007C2B0B /* Lime Green Dominos Non-Glow Set-04.png */,
				67EC40CB25323559007C2B0B /* Lime Green Dominos Non-Glow Set-05.png */,
				67EC40CD25323559007C2B0B /* Lime Green Dominos Non-Glow Set-06.png */,
				67EC40CC25323559007C2B0B /* Lime Green Dominos Non-Glow Set-07.png */,
				67EC40C425323559007C2B0B /* Lime Green Dominos Non-Glow Set-08.png */,
				67EC40C625323559007C2B0B /* Lime Green Dominos Non-Glow Set-09.png */,
				67EC40C925323559007C2B0B /* Lime Green Dominos Non-Glow Set-010.png */,
			);
			path = "Non-Glow Set";
			sourceTree = "<group>";
		};
		67EC40D425323559007C2B0B /* Glow Set */ = {
			isa = PBXGroup;
			children = (
				67EC40DE25323559007C2B0B /* Lime Green Dominos-01.png */,
				67EC40DC25323559007C2B0B /* Lime Green Dominos-02.png */,
				67EC40DD25323559007C2B0B /* Lime Green Dominos-03.png */,
				67EC40D725323559007C2B0B /* Lime Green Dominos-04.png */,
				67EC40D925323559007C2B0B /* Lime Green Dominos-05.png */,
				67EC40DB25323559007C2B0B /* Lime Green Dominos-06.png */,
				67EC40DA25323559007C2B0B /* Lime Green Dominos-07.png */,
				67EC40D525323559007C2B0B /* Lime Green Dominos-08.png */,
				67EC40D625323559007C2B0B /* Lime Green Dominos-09.png */,
				67EC40D825323559007C2B0B /* Lime Green Dominos-10.png */,
			);
			path = "Glow Set";
			sourceTree = "<group>";
		};
		67EC40DF25323559007C2B0B /* (6) Aqua Set */ = {
			isa = PBXGroup;
			children = (
				67EC40E025323559007C2B0B /* Non-Glow Set */,
				67EC40EB25323559007C2B0B /* Glow Set */,
			);
			path = "(6) Aqua Set";
			sourceTree = "<group>";
		};
		67EC40E025323559007C2B0B /* Non-Glow Set */ = {
			isa = PBXGroup;
			children = (
				67EC40E125323559007C2B0B /* Aqua Dominoes Non-Glow Set-09.png */,
				67EC40E225323559007C2B0B /* Aqua Dominoes Non-Glow Set-08.png */,
				67EC40E325323559007C2B0B /* Aqua Dominoes Non-Glow Set-05.png */,
				67EC40E425323559007C2B0B /* Aqua Dominoes Non-Glow Set-010.png */,
				67EC40E525323559007C2B0B /* Aqua Dominoes Non-Glow Set-04.png */,
				67EC40E625323559007C2B0B /* Aqua Dominoes Non-Glow Set-06.png */,
				67EC40E725323559007C2B0B /* Aqua Dominoes Non-Glow Set-07.png */,
				67EC40E825323559007C2B0B /* Aqua Dominoes Non-Glow Set-03.png */,
				67EC40E925323559007C2B0B /* Aqua Dominoes Non-Glow Set-02.png */,
				67EC40EA25323559007C2B0B /* Aqua Dominoes Non-Glow Set-01.png */,
			);
			path = "Non-Glow Set";
			sourceTree = "<group>";
		};
		67EC40EB25323559007C2B0B /* Glow Set */ = {
			isa = PBXGroup;
			children = (
				67EC40EC25323559007C2B0B /* Aqua Dominoes-08.png */,
				67EC40ED25323559007C2B0B /* Aqua Dominoes-09.png */,
				67EC40EE25323559007C2B0B /* Aqua Dominoes-02.png */,
				67EC40EF25323559007C2B0B /* Aqua Dominoes-03.png */,
				67EC40F025323559007C2B0B /* Aqua Dominoes-01.png */,
				67EC40F125323559007C2B0B /* Aqua Dominoes-04.png */,
				67EC40F225323559007C2B0B /* Aqua Dominoes-10.png */,
				67EC40F325323559007C2B0B /* Aqua Dominoes-05.png */,
				67EC40F425323559007C2B0B /* Aqua Dominoes-07.png */,
				67EC40F525323559007C2B0B /* Aqua Dominoes-06.png */,
			);
			path = "Glow Set";
			sourceTree = "<group>";
		};
		67EC40F625323559007C2B0B /* (3) Yellow Set */ = {
			isa = PBXGroup;
			children = (
				67EC40F725323559007C2B0B /* Non-Glow Set */,
				67EC410225323559007C2B0B /* Glow Set */,
			);
			path = "(3) Yellow Set";
			sourceTree = "<group>";
		};
		67EC40F725323559007C2B0B /* Non-Glow Set */ = {
			isa = PBXGroup;
			children = (
				67EC40F825323559007C2B0B /* Yellow Dominos Non-Glow Set-09.png */,
				67EC40F925323559007C2B0B /* Yellow Dominos Non-Glow Set-08.png */,
				67EC40FA25323559007C2B0B /* Yellow Dominos Non-Glow Set-06.png */,
				67EC40FB25323559007C2B0B /* Yellow Dominos Non-Glow Set-07.png */,
				67EC40FC25323559007C2B0B /* Yellow Dominos Non-Glow Set-05.png */,
				67EC40FD25323559007C2B0B /* Yellow Dominos Non-Glow Set-010.png */,
				67EC40FE25323559007C2B0B /* Yellow Dominos Non-Glow Set-04.png */,
				67EC40FF25323559007C2B0B /* Yellow Dominos Non-Glow Set-01.png */,
				67EC410025323559007C2B0B /* Yellow Dominos Non-Glow Set-03.png */,
				67EC410125323559007C2B0B /* Yellow Dominos Non-Glow Set-02.png */,
			);
			path = "Non-Glow Set";
			sourceTree = "<group>";
		};
		67EC410225323559007C2B0B /* Glow Set */ = {
			isa = PBXGroup;
			children = (
				67EC410A2532355A007C2B0B /* Yellow Dominos-01.png */,
				67EC410C2532355A007C2B0B /* Yellow Dominos-02.png */,
				67EC410B2532355A007C2B0B /* Yellow Dominos-03.png */,
				67EC41092532355A007C2B0B /* Yellow Dominos-04.png */,
				67EC410725323559007C2B0B /* Yellow Dominos-05.png */,
				67EC410525323559007C2B0B /* Yellow Dominos-06.png */,
				67EC410625323559007C2B0B /* Yellow Dominos-07.png */,
				67EC410425323559007C2B0B /* Yellow Dominos-08.png */,
				67EC410325323559007C2B0B /* Yellow Dominos-09.png */,
				67EC410825323559007C2B0B /* Yellow Dominos-10.png */,
			);
			path = "Glow Set";
			sourceTree = "<group>";
		};
/* End PBXGroup section */

/* Begin PBXNativeTarget section */
		6776A03324E1B0A100D5C5C1 /* The Domino Effect */ = {
			isa = PBXNativeTarget;
			buildConfigurationList = 6776A04824E1B0A400D5C5C1 /* Build configuration list for PBXNativeTarget "The Domino Effect" */;
			buildPhases = (
				6776A03024E1B0A100D5C5C1 /* Sources */,
				6776A03124E1B0A100D5C5C1 /* Frameworks */,
				6776A03224E1B0A100D5C5C1 /* Resources */,
			);
			buildRules = (
			);
			dependencies = (
			);
			name = "The Domino Effect";
			productName = "The Domino Effect";
			productReference = 6776A03424E1B0A100D5C5C1 /* The Domino Effect.app */;
			productType = "com.apple.product-type.application";
		};
/* End PBXNativeTarget section */

/* Begin PBXProject section */
		6776A02C24E1B0A100D5C5C1 /* Project object */ = {
			isa = PBXProject;
			attributes = {
				LastSwiftUpdateCheck = 1160;
				LastUpgradeCheck = 1160;
				ORGANIZATIONNAME = "Adam McFry";
				TargetAttributes = {
					6776A03324E1B0A100D5C5C1 = {
						CreatedOnToolsVersion = 11.6;
					};
				};
			};
			buildConfigurationList = 6776A02F24E1B0A100D5C5C1 /* Build configuration list for PBXProject "The Domino Effect" */;
			compatibilityVersion = "Xcode 9.3";
			developmentRegion = en;
			hasScannedForEncodings = 0;
			knownRegions = (
				en,
				Base,
			);
			mainGroup = 6776A02B24E1B0A100D5C5C1;
			productRefGroup = 6776A03524E1B0A100D5C5C1 /* Products */;
			projectDirPath = "";
			projectRoot = "";
			targets = (
				6776A03324E1B0A100D5C5C1 /* The Domino Effect */,
			);
		};
/* End PBXProject section */

/* Begin PBXResourcesBuildPhase section */
		6776A03224E1B0A100D5C5C1 /* Resources */ = {
			isa = PBXResourcesBuildPhase;
			buildActionMask = 2147483647;
			files = (
				6780484A25323F5000F443DB /* Royal Blue Dominoes-01.png in Resources */,
				67EC412F2532355A007C2B0B /* Lime Green Dominos Non-Glow Set-02.png in Resources */,
				67EC41512532355A007C2B0B /* Aqua Dominoes-07.png in Resources */,
				67EC407A253230EF007C2B0B /* Red Dominos-08.png in Resources */,
				67EC408D253230EF007C2B0B /* Red Dominos Non-Glow Set-09.png in Resources */,
				67EC41592532355A007C2B0B /* Yellow Dominos Non-Glow Set-04.png in Resources */,
				67EC4087253230EF007C2B0B /* Red Dominos Non-Glow Set-010.png in Resources */,
				67EC41132532355A007C2B0B /* Forest Green Dominoes Non-Glow Set-05.png in Resources */,
				67EC415B2532355A007C2B0B /* Yellow Dominos Non-Glow Set-03.png in Resources */,
				677BFA62250E725B00C3CB15 /* The Domino Effect Logo-02.png in Resources */,
				67E384C02517E3AD00296DCE /* Green.png in Resources */,
				6780484025323F5000F443DB /* Royal Blue Dominoes Non-Glow Set-010.png in Resources */,
				6780484425323F5000F443DB /* Royal Blue Dominoes Non-Glow Set-02.png in Resources */,
				67EC41622532355A007C2B0B /* Yellow Dominos-10.png in Resources */,
				67EC41112532355A007C2B0B /* Forest Green Dominoes Non-Glow Set-010.png in Resources */,
				67E384C9251BA66B00296DCE /* TDE_V2.m4a in Resources */,
				67E384C12517E3AD00296DCE /* White.png in Resources */,
				67EC407F253230EF007C2B0B /* Red Dominos-07.png in Resources */,
				67EC41432532355A007C2B0B /* Aqua Dominoes Non-Glow Set-04.png in Resources */,
				67EC412D2532355A007C2B0B /* Lime Green Dominos Non-Glow Set-07.png in Resources */,
				67EC409E2532312D007C2B0B /* Orange Dominos-05.png in Resources */,
				67EC41562532355A007C2B0B /* Yellow Dominos Non-Glow Set-07.png in Resources */,
				67EC41352532355A007C2B0B /* Lime Green Dominos-08.png in Resources */,
				67EC41152532355A007C2B0B /* Forest Green Dominoes Non-Glow Set-02.png in Resources */,
				67EC41652532355A007C2B0B /* Yellow Dominos-03.png in Resources */,
				67EC413A2532355A007C2B0B /* Lime Green Dominos-07.png in Resources */,
				67EC40A52532312D007C2B0B /* Orange Dominos-09.png in Resources */,
				6780484725323F5000F443DB /* Royal Blue Dominoes Non-Glow Set-09.png in Resources */,
				67EC415C2532355A007C2B0B /* Yellow Dominos Non-Glow Set-02.png in Resources */,
				67EC41662532355A007C2B0B /* Yellow Dominos-02.png in Resources */,
				677BFA5E250E68AC00C3CB15 /* Settings.png in Resources */,
				67EC41462532355A007C2B0B /* Aqua Dominoes Non-Glow Set-03.png in Resources */,
				67EC415D2532355A007C2B0B /* Yellow Dominos-09.png in Resources */,
				6780484825323F5000F443DB /* Royal Blue Dominoes-08.png in Resources */,
				67EC410F2532355A007C2B0B /* Forest Green Dominoes Non-Glow Set-07.png in Resources */,
				67E384BF2517E3AD00296DCE /* Purple.png in Resources */,
				67EC41602532355A007C2B0B /* Yellow Dominos-07.png in Resources */,
				6780484B25323F5000F443DB /* Royal Blue Dominoes-02.png in Resources */,
				67EC41492532355A007C2B0B /* Aqua Dominoes-08.png in Resources */,
				67EC41542532355A007C2B0B /* Yellow Dominos Non-Glow Set-08.png in Resources */,
				67EC40A32532312D007C2B0B /* Orange Dominos-01.png in Resources */,
				67EC4081253230EF007C2B0B /* Red Dominos-02.png in Resources */,
				67EC41452532355A007C2B0B /* Aqua Dominoes Non-Glow Set-07.png in Resources */,
				677BFA66250E7ED200C3CB15 /* startbutton.png in Resources */,
				677BFA5F250E68AC00C3CB15 /* arrow.png in Resources */,
				6780484625323F5000F443DB /* Royal Blue Dominoes Non-Glow Set-08.png in Resources */,
				6780483F25323F5000F443DB /* Royal Blue Dominoes Non-Glow Set-06.png in Resources */,
				67EC414F2532355A007C2B0B /* Aqua Dominoes-10.png in Resources */,
				67EC4085253230EF007C2B0B /* Red Dominos Non-Glow Set-03.png in Resources */,
				67EC4089253230EF007C2B0B /* Red Dominos Non-Glow Set-05.png in Resources */,
				67EC415E2532355A007C2B0B /* Yellow Dominos-08.png in Resources */,
				67EC41522532355A007C2B0B /* Aqua Dominoes-06.png in Resources */,
				67EC414B2532355A007C2B0B /* Aqua Dominoes-02.png in Resources */,
				67E384D2251BDB3100296DCE /* Select_V1.m4a in Resources */,
				677BFA5D250E68AC00C3CB15 /* sound.png in Resources */,
				67E384BE2517E3AD00296DCE /* Red.png in Resources */,
				67EC41372532355A007C2B0B /* Lime Green Dominos-04.png in Resources */,
				67EC41122532355A007C2B0B /* Forest Green Dominoes Non-Glow Set-04.png in Resources */,
				67EC41182532355A007C2B0B /* Forest Green Dominoes-08.png in Resources */,
				67EC41422532355A007C2B0B /* Aqua Dominoes Non-Glow Set-010.png in Resources */,
				67EC409C2532312D007C2B0B /* Orange Dominos-04.png in Resources */,
				67EC41272532355A007C2B0B /* Lime Green Dominos Non-Glow Set-09.png in Resources */,
				6780484D25323F5000F443DB /* Royal Blue Dominoes-07.png in Resources */,
				67EC411F2532355A007C2B0B /* Forest Green Dominoes-03.png in Resources */,
				67EC413F2532355A007C2B0B /* Aqua Dominoes Non-Glow Set-09.png in Resources */,
				67EC41612532355A007C2B0B /* Yellow Dominos-05.png in Resources */,
				67EC41582532355A007C2B0B /* Yellow Dominos Non-Glow Set-010.png in Resources */,
				67EC412C2532355A007C2B0B /* Lime Green Dominos Non-Glow Set-05.png in Resources */,
				6780484525323F5000F443DB /* Royal Blue Dominoes Non-Glow Set-03.png in Resources */,
				67EC41252532355A007C2B0B /* Lime Green Dominos Non-Glow Set-08.png in Resources */,
				67EC4088253230EF007C2B0B /* Red Dominos Non-Glow Set-04.png in Resources */,
				67E384BA2517E3AD00296DCE /* Orange.png in Resources */,
				6780484C25323F5000F443DB /* Royal Blue Dominoes-03.png in Resources */,
				67EC41632532355A007C2B0B /* Yellow Dominos-04.png in Resources */,
				6780484225323F5000F443DB /* Royal Blue Dominoes Non-Glow Set-05.png in Resources */,
				67EC4080253230EF007C2B0B /* Red Dominos-06.png in Resources */,
				6776A04424E1B0A400D5C5C1 /* LaunchScreen.storyboard in Resources */,
				6780483E25323F5000F443DB /* Royal Blue Dominoes Non-Glow Set-07.png in Resources */,
				67EC411D2532355A007C2B0B /* Forest Green Dominoes-04.png in Resources */,
				67EC411B2532355A007C2B0B /* Forest Green Dominoes-05.png in Resources */,
				6780485125323F5000F443DB /* Royal Blue Dominoes-05.png in Resources */,
				67EC408C253230EF007C2B0B /* Red Dominos Non-Glow Set-08.png in Resources */,
				67EC415F2532355A007C2B0B /* Yellow Dominos-06.png in Resources */,
				67EC4084253230EF007C2B0B /* Red Dominos Non-Glow Set-02.png in Resources */,
				67EC407C253230EF007C2B0B /* Red Dominos-04.png in Resources */,
				67EC41172532355A007C2B0B /* Forest Green Dominoes-09.png in Resources */,
				677BFA60250E68AC00C3CB15 /* help.png in Resources */,
				67EC414D2532355A007C2B0B /* Aqua Dominoes-01.png in Resources */,
				67EC4083253230EF007C2B0B /* Red Dominos-01.png in Resources */,
				67EC41292532355A007C2B0B /* Lime Green Dominos Non-Glow Set-04.png in Resources */,
				67EC411C2532355A007C2B0B /* Forest Green Dominoes-10.png in Resources */,
				67E384CB251BB04800296DCE /* soundOff.png in Resources */,
				67EC41192532355A007C2B0B /* Forest Green Dominoes-06.png in Resources */,
				67EC41642532355A007C2B0B /* Yellow Dominos-01.png in Resources */,
				67EC410E2532355A007C2B0B /* Forest Green Dominoes Non-Glow Set-09.png in Resources */,
				67EC41532532355A007C2B0B /* Yellow Dominos Non-Glow Set-09.png in Resources */,
				67EC414E2532355A007C2B0B /* Aqua Dominoes-04.png in Resources */,
				6776A04124E1B0A400D5C5C1 /* Assets.xcassets in Resources */,
				67EC41412532355A007C2B0B /* Aqua Dominoes Non-Glow Set-05.png in Resources */,
				67EC41442532355A007C2B0B /* Aqua Dominoes Non-Glow Set-06.png in Resources */,
				67EC41502532355A007C2B0B /* Aqua Dominoes-05.png in Resources */,
				6780484925323F5000F443DB /* Royal Blue Dominoes-09.png in Resources */,
				67E384BB2517E3AD00296DCE /* Yellow.png in Resources */,
				67EC410D2532355A007C2B0B /* Forest Green Dominoes Non-Glow Set-08.png in Resources */,
				67EC41482532355A007C2B0B /* Aqua Dominoes Non-Glow Set-01.png in Resources */,
				67EC40A12532312D007C2B0B /* Orange Dominos-02.png in Resources */,
				6780485025323F5000F443DB /* Royal Blue Dominoes-10.png in Resources */,
				67EC408A253230EF007C2B0B /* Red Dominos Non-Glow Set-07.png in Resources */,
				67EC40A02532312D007C2B0B /* Orange Dominos-06.png in Resources */,
				67EC409F2532312D007C2B0B /* Orange Dominos-07.png in Resources */,
				677BFA64250E73AD00C3CB15 /* start.png in Resources */,
				67EC41302532355A007C2B0B /* Lime Green Dominos Non-Glow Set-03.png in Resources */,
				67EC408B253230EF007C2B0B /* Red Dominos Non-Glow Set-06.png in Resources */,
				67EC413D2532355A007C2B0B /* Lime Green Dominos-03.png in Resources */,
				67EC414C2532355A007C2B0B /* Aqua Dominoes-03.png in Resources */,
				67E384B92517E3AD00296DCE /* LimeGreen.png in Resources */,
				67EC41572532355A007C2B0B /* Yellow Dominos Non-Glow Set-05.png in Resources */,
				67E384BD2517E3AD00296DCE /* Blue.png in Resources */,
				6780484325323F5000F443DB /* Royal Blue Dominoes Non-Glow Set-01.png in Resources */,
				67EC413C2532355A007C2B0B /* Lime Green Dominos-02.png in Resources */,
				67EC41552532355A007C2B0B /* Yellow Dominos Non-Glow Set-06.png in Resources */,
				67EC413B2532355A007C2B0B /* Lime Green Dominos-06.png in Resources */,
				67E384C22517E3AD00296DCE /* Turquoise.png in Resources */,
				67EC41312532355A007C2B0B /* Lime Green Dominos Non-Glow Set-01.png in Resources */,
				67EC411A2532355A007C2B0B /* Forest Green Dominoes-07.png in Resources */,
				6780484F25323F5000F443DB /* Royal Blue Dominoes-04.png in Resources */,
				67EC409D2532312D007C2B0B /* Orange Dominos-10.png in Resources */,
				67EC414A2532355A007C2B0B /* Aqua Dominoes-09.png in Resources */,
				6780484125323F5000F443DB /* Royal Blue Dominoes Non-Glow Set-04.png in Resources */,
				676929EA2522DB9000A9A04B /* start2.png in Resources */,
				67EC413E2532355A007C2B0B /* Lime Green Dominos-01.png in Resources */,
				67EC407B253230EF007C2B0B /* Red Dominos-09.png in Resources */,
				67EC41392532355A007C2B0B /* Lime Green Dominos-05.png in Resources */,
				6776A03F24E1B0A100D5C5C1 /* Main.storyboard in Resources */,
				67EC40A22532312D007C2B0B /* Orange Dominos-03.png in Resources */,
				67EC40A42532312D007C2B0B /* Orange Dominos-08.png in Resources */,
				67EC41382532355A007C2B0B /* Lime Green Dominos-10.png in Resources */,
				67EC415A2532355A007C2B0B /* Yellow Dominos Non-Glow Set-01.png in Resources */,
				67EC407E253230EF007C2B0B /* Red Dominos-05.png in Resources */,
				67EC41362532355A007C2B0B /* Lime Green Dominos-09.png in Resources */,
				67EC4086253230EF007C2B0B /* Red Dominos Non-Glow Set-01.png in Resources */,
				67EC41162532355A007C2B0B /* Forest Green Dominoes Non-Glow Set-03.png in Resources */,
				67EC4082253230EF007C2B0B /* Red Dominos-03.png in Resources */,
				67EC41402532355A007C2B0B /* Aqua Dominoes Non-Glow Set-08.png in Resources */,
				67EC412E2532355A007C2B0B /* Lime Green Dominos Non-Glow Set-06.png in Resources */,
				6780484E25323F5000F443DB /* Royal Blue Dominoes-06.png in Resources */,
				67E384BC2517E3AD00296DCE /* Pink.png in Resources */,
				67EC407D253230EF007C2B0B /* Red Dominos-10.png in Resources */,
				67EC41142532355A007C2B0B /* Forest Green Dominoes Non-Glow Set-01.png in Resources */,
				67EC41102532355A007C2B0B /* Forest Green Dominoes Non-Glow Set-06.png in Resources */,
				67EC41202532355A007C2B0B /* Forest Green Dominoes-02.png in Resources */,
				67EC41472532355A007C2B0B /* Aqua Dominoes Non-Glow Set-02.png in Resources */,
				67EC411E2532355A007C2B0B /* Forest Green Dominoes-01.png in Resources */,
				67EC412A2532355A007C2B0B /* Lime Green Dominos Non-Glow Set-010.png in Resources */,
			);
			runOnlyForDeploymentPostprocessing = 0;
		};
/* End PBXResourcesBuildPhase section */

/* Begin PBXSourcesBuildPhase section */
		6776A03024E1B0A100D5C5C1 /* Sources */ = {
			isa = PBXSourcesBuildPhase;
			buildActionMask = 2147483647;
			files = (
				6776A03C24E1B0A100D5C5C1 /* ViewController.swift in Sources */,
				6776A03824E1B0A100D5C5C1 /* AppDelegate.swift in Sources */,
				676929F12525525C00A9A04B /* ResultsViewController.swift in Sources */,
				67E384D4251BE35D00296DCE /* SelectorBaseViewController.swift in Sources */,
				6776A03A24E1B0A100D5C5C1 /* SceneDelegate.swift in Sources */,
				676929F625256B5200A9A04B /* DominoManager.swift in Sources */,
				67E384C42519720F00296DCE /* HelpViewController.swift in Sources */,
				676929ED25253CB000A9A04B /* Domino.swift in Sources */,
				676929E225211C5A00A9A04B /* NumberMenuViewController.swift in Sources */,
				67E384C6251BA64400296DCE /* SoundManager.swift in Sources */,
			);
			runOnlyForDeploymentPostprocessing = 0;
		};
/* End PBXSourcesBuildPhase section */

/* Begin PBXVariantGroup section */
		6776A03D24E1B0A100D5C5C1 /* Main.storyboard */ = {
			isa = PBXVariantGroup;
			children = (
				6776A03E24E1B0A100D5C5C1 /* Base */,
			);
			name = Main.storyboard;
			sourceTree = "<group>";
		};
		6776A04224E1B0A400D5C5C1 /* LaunchScreen.storyboard */ = {
			isa = PBXVariantGroup;
			children = (
				6776A04324E1B0A400D5C5C1 /* Base */,
			);
			name = LaunchScreen.storyboard;
			sourceTree = "<group>";
		};
/* End PBXVariantGroup section */

/* Begin XCBuildConfiguration section */
		6776A04624E1B0A400D5C5C1 /* Debug */ = {
			isa = XCBuildConfiguration;
			buildSettings = {
				ALWAYS_SEARCH_USER_PATHS = NO;
				CLANG_ANALYZER_NONNULL = YES;
				CLANG_ANALYZER_NUMBER_OBJECT_CONVERSION = YES_AGGRESSIVE;
				CLANG_CXX_LANGUAGE_STANDARD = "gnu++14";
				CLANG_CXX_LIBRARY = "libc++";
				CLANG_ENABLE_MODULES = YES;
				CLANG_ENABLE_OBJC_ARC = YES;
				CLANG_ENABLE_OBJC_WEAK = YES;
				CLANG_WARN_BLOCK_CAPTURE_AUTORELEASING = YES;
				CLANG_WARN_BOOL_CONVERSION = YES;
				CLANG_WARN_COMMA = YES;
				CLANG_WARN_CONSTANT_CONVERSION = YES;
				CLANG_WARN_DEPRECATED_OBJC_IMPLEMENTATIONS = YES;
				CLANG_WARN_DIRECT_OBJC_ISA_USAGE = YES_ERROR;
				CLANG_WARN_DOCUMENTATION_COMMENTS = YES;
				CLANG_WARN_EMPTY_BODY = YES;
				CLANG_WARN_ENUM_CONVERSION = YES;
				CLANG_WARN_INFINITE_RECURSION = YES;
				CLANG_WARN_INT_CONVERSION = YES;
				CLANG_WARN_NON_LITERAL_NULL_CONVERSION = YES;
				CLANG_WARN_OBJC_IMPLICIT_RETAIN_SELF = YES;
				CLANG_WARN_OBJC_LITERAL_CONVERSION = YES;
				CLANG_WARN_OBJC_ROOT_CLASS = YES_ERROR;
				CLANG_WARN_RANGE_LOOP_ANALYSIS = YES;
				CLANG_WARN_STRICT_PROTOTYPES = YES;
				CLANG_WARN_SUSPICIOUS_MOVE = YES;
				CLANG_WARN_UNGUARDED_AVAILABILITY = YES_AGGRESSIVE;
				CLANG_WARN_UNREACHABLE_CODE = YES;
				CLANG_WARN__DUPLICATE_METHOD_MATCH = YES;
				COPY_PHASE_STRIP = NO;
				DEBUG_INFORMATION_FORMAT = dwarf;
				ENABLE_STRICT_OBJC_MSGSEND = YES;
				ENABLE_TESTABILITY = YES;
				GCC_C_LANGUAGE_STANDARD = gnu11;
				GCC_DYNAMIC_NO_PIC = NO;
				GCC_NO_COMMON_BLOCKS = YES;
				GCC_OPTIMIZATION_LEVEL = 0;
				GCC_PREPROCESSOR_DEFINITIONS = (
					"DEBUG=1",
					"$(inherited)",
				);
				GCC_WARN_64_TO_32_BIT_CONVERSION = YES;
				GCC_WARN_ABOUT_RETURN_TYPE = YES_ERROR;
				GCC_WARN_UNDECLARED_SELECTOR = YES;
				GCC_WARN_UNINITIALIZED_AUTOS = YES_AGGRESSIVE;
				GCC_WARN_UNUSED_FUNCTION = YES;
				GCC_WARN_UNUSED_VARIABLE = YES;
				IPHONEOS_DEPLOYMENT_TARGET = 13.6;
				MTL_ENABLE_DEBUG_INFO = INCLUDE_SOURCE;
				MTL_FAST_MATH = YES;
				ONLY_ACTIVE_ARCH = YES;
				SDKROOT = iphoneos;
				SWIFT_ACTIVE_COMPILATION_CONDITIONS = DEBUG;
				SWIFT_OPTIMIZATION_LEVEL = "-Onone";
			};
			name = Debug;
		};
		6776A04724E1B0A400D5C5C1 /* Release */ = {
			isa = XCBuildConfiguration;
			buildSettings = {
				ALWAYS_SEARCH_USER_PATHS = NO;
				CLANG_ANALYZER_NONNULL = YES;
				CLANG_ANALYZER_NUMBER_OBJECT_CONVERSION = YES_AGGRESSIVE;
				CLANG_CXX_LANGUAGE_STANDARD = "gnu++14";
				CLANG_CXX_LIBRARY = "libc++";
				CLANG_ENABLE_MODULES = YES;
				CLANG_ENABLE_OBJC_ARC = YES;
				CLANG_ENABLE_OBJC_WEAK = YES;
				CLANG_WARN_BLOCK_CAPTURE_AUTORELEASING = YES;
				CLANG_WARN_BOOL_CONVERSION = YES;
				CLANG_WARN_COMMA = YES;
				CLANG_WARN_CONSTANT_CONVERSION = YES;
				CLANG_WARN_DEPRECATED_OBJC_IMPLEMENTATIONS = YES;
				CLANG_WARN_DIRECT_OBJC_ISA_USAGE = YES_ERROR;
				CLANG_WARN_DOCUMENTATION_COMMENTS = YES;
				CLANG_WARN_EMPTY_BODY = YES;
				CLANG_WARN_ENUM_CONVERSION = YES;
				CLANG_WARN_INFINITE_RECURSION = YES;
				CLANG_WARN_INT_CONVERSION = YES;
				CLANG_WARN_NON_LITERAL_NULL_CONVERSION = YES;
				CLANG_WARN_OBJC_IMPLICIT_RETAIN_SELF = YES;
				CLANG_WARN_OBJC_LITERAL_CONVERSION = YES;
				CLANG_WARN_OBJC_ROOT_CLASS = YES_ERROR;
				CLANG_WARN_RANGE_LOOP_ANALYSIS = YES;
				CLANG_WARN_STRICT_PROTOTYPES = YES;
				CLANG_WARN_SUSPICIOUS_MOVE = YES;
				CLANG_WARN_UNGUARDED_AVAILABILITY = YES_AGGRESSIVE;
				CLANG_WARN_UNREACHABLE_CODE = YES;
				CLANG_WARN__DUPLICATE_METHOD_MATCH = YES;
				COPY_PHASE_STRIP = NO;
				DEBUG_INFORMATION_FORMAT = "dwarf-with-dsym";
				ENABLE_NS_ASSERTIONS = NO;
				ENABLE_STRICT_OBJC_MSGSEND = YES;
				GCC_C_LANGUAGE_STANDARD = gnu11;
				GCC_NO_COMMON_BLOCKS = YES;
				GCC_WARN_64_TO_32_BIT_CONVERSION = YES;
				GCC_WARN_ABOUT_RETURN_TYPE = YES_ERROR;
				GCC_WARN_UNDECLARED_SELECTOR = YES;
				GCC_WARN_UNINITIALIZED_AUTOS = YES_AGGRESSIVE;
				GCC_WARN_UNUSED_FUNCTION = YES;
				GCC_WARN_UNUSED_VARIABLE = YES;
				IPHONEOS_DEPLOYMENT_TARGET = 13.6;
				MTL_ENABLE_DEBUG_INFO = NO;
				MTL_FAST_MATH = YES;
				SDKROOT = iphoneos;
				SWIFT_COMPILATION_MODE = wholemodule;
				SWIFT_OPTIMIZATION_LEVEL = "-O";
				VALIDATE_PRODUCT = YES;
			};
			name = Release;
		};
		6776A04924E1B0A400D5C5C1 /* Debug */ = {
			isa = XCBuildConfiguration;
			buildSettings = {
				ASSETCATALOG_COMPILER_APPICON_NAME = AppIcon;
				CODE_SIGN_STYLE = Automatic;
				DEVELOPMENT_TEAM = 795U2KNE85;
				INFOPLIST_FILE = "The Domino Effect/Info.plist";
				LD_RUNPATH_SEARCH_PATHS = (
					"$(inherited)",
					"@executable_path/Frameworks",
				);
				PRODUCT_BUNDLE_IDENTIFIER = "armcfry.The-Domino-Effect";
				PRODUCT_NAME = "$(TARGET_NAME)";
				SWIFT_VERSION = 5.0;
				TARGETED_DEVICE_FAMILY = "1,2";
			};
			name = Debug;
		};
		6776A04A24E1B0A400D5C5C1 /* Release */ = {
			isa = XCBuildConfiguration;
			buildSettings = {
				ASSETCATALOG_COMPILER_APPICON_NAME = AppIcon;
				CODE_SIGN_STYLE = Automatic;
				DEVELOPMENT_TEAM = 795U2KNE85;
				INFOPLIST_FILE = "The Domino Effect/Info.plist";
				LD_RUNPATH_SEARCH_PATHS = (
					"$(inherited)",
					"@executable_path/Frameworks",
				);
				PRODUCT_BUNDLE_IDENTIFIER = "armcfry.The-Domino-Effect";
				PRODUCT_NAME = "$(TARGET_NAME)";
				SWIFT_VERSION = 5.0;
				TARGETED_DEVICE_FAMILY = "1,2";
			};
			name = Release;
		};
/* End XCBuildConfiguration section */

/* Begin XCConfigurationList section */
		6776A02F24E1B0A100D5C5C1 /* Build configuration list for PBXProject "The Domino Effect" */ = {
			isa = XCConfigurationList;
			buildConfigurations = (
				6776A04624E1B0A400D5C5C1 /* Debug */,
				6776A04724E1B0A400D5C5C1 /* Release */,
			);
			defaultConfigurationIsVisible = 0;
			defaultConfigurationName = Release;
		};
		6776A04824E1B0A400D5C5C1 /* Build configuration list for PBXNativeTarget "The Domino Effect" */ = {
			isa = XCConfigurationList;
			buildConfigurations = (
				6776A04924E1B0A400D5C5C1 /* Debug */,
				6776A04A24E1B0A400D5C5C1 /* Release */,
			);
			defaultConfigurationIsVisible = 0;
			defaultConfigurationName = Release;
		};
/* End XCConfigurationList section */
	};
	rootObject = 6776A02C24E1B0A100D5C5C1 /* Project object */;
}
